// !$*UTF8*$!
{
	archiveVersion = 1;
	classes = {
	};
	objectVersion = 46;
	objects = {

/* Begin PBXBuildFile section */
		8C324CFD197CFEC000DA7258 /* KASessionChatController.m in Sources */ = {isa = PBXBuildFile; fileRef = 8C324CFC197CFEC000DA7258 /* KASessionChatController.m */; };
		8CB0BD98197CF704009F21AD /* Foundation.framework in Frameworks */ = {isa = PBXBuildFile; fileRef = 8CB0BD97197CF704009F21AD /* Foundation.framework */; };
		8CB0BD9A197CF704009F21AD /* CoreGraphics.framework in Frameworks */ = {isa = PBXBuildFile; fileRef = 8CB0BD99197CF704009F21AD /* CoreGraphics.framework */; };
		8CB0BD9C197CF704009F21AD /* UIKit.framework in Frameworks */ = {isa = PBXBuildFile; fileRef = 8CB0BD9B197CF704009F21AD /* UIKit.framework */; };
		8CB0BDA2197CF704009F21AD /* InfoPlist.strings in Resources */ = {isa = PBXBuildFile; fileRef = 8CB0BDA0197CF704009F21AD /* InfoPlist.strings */; };
		8CB0BDA4197CF704009F21AD /* main.m in Sources */ = {isa = PBXBuildFile; fileRef = 8CB0BDA3197CF704009F21AD /* main.m */; };
		8CB0BDA8197CF704009F21AD /* KAAppDelegate.m in Sources */ = {isa = PBXBuildFile; fileRef = 8CB0BDA7197CF704009F21AD /* KAAppDelegate.m */; };
		8CB0BDAA197CF704009F21AD /* Images.xcassets in Resources */ = {isa = PBXBuildFile; fileRef = 8CB0BDA9197CF704009F21AD /* Images.xcassets */; };
		8CEF83A0197CF79000B96A5D /* AVOSCloud.framework in Frameworks */ = {isa = PBXBuildFile; fileRef = 8CEF8397197CF77A00B96A5D /* AVOSCloud.framework */; };
		8CEF83A3197CF7B200B96A5D /* libicucore.dylib in Frameworks */ = {isa = PBXBuildFile; fileRef = 8CEF83A2197CF7B200B96A5D /* libicucore.dylib */; };
		8CEF83A8197CF7D900B96A5D /* CoreLocation.framework in Frameworks */ = {isa = PBXBuildFile; fileRef = 8CEF83A4197CF7D900B96A5D /* CoreLocation.framework */; };
		8CEF83A9197CF7D900B96A5D /* CoreTelephony.framework in Frameworks */ = {isa = PBXBuildFile; fileRef = 8CEF83A5197CF7D900B96A5D /* CoreTelephony.framework */; };
		8CEF83AA197CF7D900B96A5D /* MobileCoreServices.framework in Frameworks */ = {isa = PBXBuildFile; fileRef = 8CEF83A6197CF7D900B96A5D /* MobileCoreServices.framework */; };
		8CEF83AB197CF7D900B96A5D /* SystemConfiguration.framework in Frameworks */ = {isa = PBXBuildFile; fileRef = 8CEF83A7197CF7D900B96A5D /* SystemConfiguration.framework */; };
		8CEF83AE197CF85800B96A5D /* KALoginController.m in Sources */ = {isa = PBXBuildFile; fileRef = 8CEF83AD197CF85800B96A5D /* KALoginController.m */; };
/* End PBXBuildFile section */

/* Begin PBXContainerItemProxy section */
		8CEF8396197CF77A00B96A5D /* PBXContainerItemProxy */ = {
			isa = PBXContainerItemProxy;
			containerPortal = 8CEF838E197CF77A00B96A5D /* AVOS.xcodeproj */;
			proxyType = 2;
			remoteGlobalIDString = 8CCC29FA196E4E3C0098C0FB;
			remoteInfo = AVOSCloud;
		};
		8CEF8398197CF77A00B96A5D /* PBXContainerItemProxy */ = {
			isa = PBXContainerItemProxy;
			containerPortal = 8CEF838E197CF77A00B96A5D /* AVOS.xcodeproj */;
			proxyType = 2;
			remoteGlobalIDString = 8CCC2A05196E4E3D0098C0FB;
			remoteInfo = AVOSCloudTests;
		};
		8CEF839A197CF77A00B96A5D /* PBXContainerItemProxy */ = {
			isa = PBXContainerItemProxy;
			containerPortal = 8CEF838E197CF77A00B96A5D /* AVOS.xcodeproj */;
			proxyType = 2;
			remoteGlobalIDString = 8CCC2B82196E67190098C0FB;
			remoteInfo = AVOSCloudSNS;
		};
		8CEF839C197CF77A00B96A5D /* PBXContainerItemProxy */ = {
			isa = PBXContainerItemProxy;
			containerPortal = 8CEF838E197CF77A00B96A5D /* AVOS.xcodeproj */;
			proxyType = 2;
			remoteGlobalIDString = 8CCC2B8C196E67190098C0FB;
			remoteInfo = AVOSCloudSNSTests;
		};
		8CEF839E197CF78900B96A5D /* PBXContainerItemProxy */ = {
			isa = PBXContainerItemProxy;
			containerPortal = 8CEF838E197CF77A00B96A5D /* AVOS.xcodeproj */;
			proxyType = 1;
			remoteGlobalIDString = 8CCC29F9196E4E3C0098C0FB;
			remoteInfo = AVOSCloud;
		};
/* End PBXContainerItemProxy section */

/* Begin PBXFileReference section */
		8C324CFB197CFEC000DA7258 /* KASessionChatController.h */ = {isa = PBXFileReference; fileEncoding = 4; lastKnownFileType = sourcecode.c.h; path = KASessionChatController.h; sourceTree = "<group>"; };
		8C324CFC197CFEC000DA7258 /* KASessionChatController.m */ = {isa = PBXFileReference; fileEncoding = 4; lastKnownFileType = sourcecode.c.objc; path = KASessionChatController.m; sourceTree = "<group>"; };
		8CB0BD94197CF704009F21AD /* KeepAlive.app */ = {isa = PBXFileReference; explicitFileType = wrapper.application; includeInIndex = 0; path = KeepAlive.app; sourceTree = BUILT_PRODUCTS_DIR; };
		8CB0BD97197CF704009F21AD /* Foundation.framework */ = {isa = PBXFileReference; lastKnownFileType = wrapper.framework; name = Foundation.framework; path = System/Library/Frameworks/Foundation.framework; sourceTree = SDKROOT; };
		8CB0BD99197CF704009F21AD /* CoreGraphics.framework */ = {isa = PBXFileReference; lastKnownFileType = wrapper.framework; name = CoreGraphics.framework; path = System/Library/Frameworks/CoreGraphics.framework; sourceTree = SDKROOT; };
		8CB0BD9B197CF704009F21AD /* UIKit.framework */ = {isa = PBXFileReference; lastKnownFileType = wrapper.framework; name = UIKit.framework; path = System/Library/Frameworks/UIKit.framework; sourceTree = SDKROOT; };
		8CB0BD9F197CF704009F21AD /* KeepAlive-Info.plist */ = {isa = PBXFileReference; lastKnownFileType = text.plist.xml; path = "KeepAlive-Info.plist"; sourceTree = "<group>"; };
		8CB0BDA1197CF704009F21AD /* en */ = {isa = PBXFileReference; lastKnownFileType = text.plist.strings; name = en; path = en.lproj/InfoPlist.strings; sourceTree = "<group>"; };
		8CB0BDA3197CF704009F21AD /* main.m */ = {isa = PBXFileReference; lastKnownFileType = sourcecode.c.objc; path = main.m; sourceTree = "<group>"; };
		8CB0BDA5197CF704009F21AD /* KeepAlive-Prefix.pch */ = {isa = PBXFileReference; lastKnownFileType = sourcecode.c.h; path = "KeepAlive-Prefix.pch"; sourceTree = "<group>"; };
		8CB0BDA6197CF704009F21AD /* KAAppDelegate.h */ = {isa = PBXFileReference; lastKnownFileType = sourcecode.c.h; path = KAAppDelegate.h; sourceTree = "<group>"; };
		8CB0BDA7197CF704009F21AD /* KAAppDelegate.m */ = {isa = PBXFileReference; lastKnownFileType = sourcecode.c.objc; path = KAAppDelegate.m; sourceTree = "<group>"; };
		8CB0BDA9197CF704009F21AD /* Images.xcassets */ = {isa = PBXFileReference; lastKnownFileType = folder.assetcatalog; path = Images.xcassets; sourceTree = "<group>"; };
		8CEF838E197CF77A00B96A5D /* AVOS.xcodeproj */ = {isa = PBXFileReference; lastKnownFileType = "wrapper.pb-project"; name = AVOS.xcodeproj; path = ../../AVOS/AVOS.xcodeproj; sourceTree = "<group>"; };
		8CEF83A2197CF7B200B96A5D /* libicucore.dylib */ = {isa = PBXFileReference; lastKnownFileType = "compiled.mach-o.dylib"; name = libicucore.dylib; path = usr/lib/libicucore.dylib; sourceTree = SDKROOT; };
		8CEF83A4197CF7D900B96A5D /* CoreLocation.framework */ = {isa = PBXFileReference; lastKnownFileType = wrapper.framework; name = CoreLocation.framework; path = System/Library/Frameworks/CoreLocation.framework; sourceTree = SDKROOT; };
		8CEF83A5197CF7D900B96A5D /* CoreTelephony.framework */ = {isa = PBXFileReference; lastKnownFileType = wrapper.framework; name = CoreTelephony.framework; path = System/Library/Frameworks/CoreTelephony.framework; sourceTree = SDKROOT; };
		8CEF83A6197CF7D900B96A5D /* MobileCoreServices.framework */ = {isa = PBXFileReference; lastKnownFileType = wrapper.framework; name = MobileCoreServices.framework; path = System/Library/Frameworks/MobileCoreServices.framework; sourceTree = SDKROOT; };
		8CEF83A7197CF7D900B96A5D /* SystemConfiguration.framework */ = {isa = PBXFileReference; lastKnownFileType = wrapper.framework; name = SystemConfiguration.framework; path = System/Library/Frameworks/SystemConfiguration.framework; sourceTree = SDKROOT; };
		8CEF83AC197CF85800B96A5D /* KALoginController.h */ = {isa = PBXFileReference; fileEncoding = 4; lastKnownFileType = sourcecode.c.h; path = KALoginController.h; sourceTree = "<group>"; };
		8CEF83AD197CF85800B96A5D /* KALoginController.m */ = {isa = PBXFileReference; fileEncoding = 4; lastKnownFileType = sourcecode.c.objc; path = KALoginController.m; sourceTree = "<group>"; };
/* End PBXFileReference section */

/* Begin PBXFrameworksBuildPhase section */
		8CB0BD91197CF704009F21AD /* Frameworks */ = {
			isa = PBXFrameworksBuildPhase;
			buildActionMask = 2147483647;
			files = (
				8CEF83A8197CF7D900B96A5D /* CoreLocation.framework in Frameworks */,
				8CEF83A9197CF7D900B96A5D /* CoreTelephony.framework in Frameworks */,
				8CEF83AA197CF7D900B96A5D /* MobileCoreServices.framework in Frameworks */,
				8CEF83AB197CF7D900B96A5D /* SystemConfiguration.framework in Frameworks */,
				8CEF83A3197CF7B200B96A5D /* libicucore.dylib in Frameworks */,
				8CEF83A0197CF79000B96A5D /* AVOSCloud.framework in Frameworks */,
				8CB0BD9A197CF704009F21AD /* CoreGraphics.framework in Frameworks */,
				8CB0BD9C197CF704009F21AD /* UIKit.framework in Frameworks */,
				8CB0BD98197CF704009F21AD /* Foundation.framework in Frameworks */,
			);
			runOnlyForDeploymentPostprocessing = 0;
		};
/* End PBXFrameworksBuildPhase section */

/* Begin PBXGroup section */
		8CB0BD8B197CF704009F21AD = {
			isa = PBXGroup;
			children = (
				8CEF838E197CF77A00B96A5D /* AVOS.xcodeproj */,
				8CB0BD9D197CF704009F21AD /* KeepAlive */,
				8CB0BD96197CF704009F21AD /* Frameworks */,
				8CB0BD95197CF704009F21AD /* Products */,
			);
			sourceTree = "<group>";
		};
		8CB0BD95197CF704009F21AD /* Products */ = {
			isa = PBXGroup;
			children = (
				8CB0BD94197CF704009F21AD /* KeepAlive.app */,
			);
			name = Products;
			sourceTree = "<group>";
		};
		8CB0BD96197CF704009F21AD /* Frameworks */ = {
			isa = PBXGroup;
			children = (
				8CEF83A4197CF7D900B96A5D /* CoreLocation.framework */,
				8CEF83A5197CF7D900B96A5D /* CoreTelephony.framework */,
				8CEF83A6197CF7D900B96A5D /* MobileCoreServices.framework */,
				8CEF83A7197CF7D900B96A5D /* SystemConfiguration.framework */,
				8CEF83A2197CF7B200B96A5D /* libicucore.dylib */,
				8CB0BD97197CF704009F21AD /* Foundation.framework */,
				8CB0BD99197CF704009F21AD /* CoreGraphics.framework */,
				8CB0BD9B197CF704009F21AD /* UIKit.framework */,
			);
			name = Frameworks;
			sourceTree = "<group>";
		};
		8CB0BD9D197CF704009F21AD /* KeepAlive */ = {
			isa = PBXGroup;
			children = (
				8CB0BDA6197CF704009F21AD /* KAAppDelegate.h */,
				8CB0BDA7197CF704009F21AD /* KAAppDelegate.m */,
				8CB0BDA9197CF704009F21AD /* Images.xcassets */,
				8CB0BD9E197CF704009F21AD /* Supporting Files */,
				8CEF83AC197CF85800B96A5D /* KALoginController.h */,
				8CEF83AD197CF85800B96A5D /* KALoginController.m */,
				8C324CFB197CFEC000DA7258 /* KASessionChatController.h */,
				8C324CFC197CFEC000DA7258 /* KASessionChatController.m */,
			);
			path = KeepAlive;
			sourceTree = "<group>";
		};
		8CB0BD9E197CF704009F21AD /* Supporting Files */ = {
			isa = PBXGroup;
			children = (
				8CB0BD9F197CF704009F21AD /* KeepAlive-Info.plist */,
				8CB0BDA0197CF704009F21AD /* InfoPlist.strings */,
				8CB0BDA3197CF704009F21AD /* main.m */,
				8CB0BDA5197CF704009F21AD /* KeepAlive-Prefix.pch */,
			);
			name = "Supporting Files";
			sourceTree = "<group>";
		};
		8CEF838F197CF77A00B96A5D /* Products */ = {
			isa = PBXGroup;
			children = (
				8CEF8397197CF77A00B96A5D /* AVOSCloud.framework */,
				8CEF8399197CF77A00B96A5D /* AVOSCloudTests.xctest */,
				8CEF839B197CF77A00B96A5D /* AVOSCloudSNS.framework */,
				8CEF839D197CF77A00B96A5D /* AVOSCloudSNSTests.xctest */,
			);
			name = Products;
			sourceTree = "<group>";
		};
/* End PBXGroup section */

/* Begin PBXNativeTarget section */
		8CB0BD93197CF704009F21AD /* KeepAlive */ = {
			isa = PBXNativeTarget;
			buildConfigurationList = 8CB0BDC0197CF704009F21AD /* Build configuration list for PBXNativeTarget "KeepAlive" */;
			buildPhases = (
				8CB0BD90197CF704009F21AD /* Sources */,
				8CB0BD91197CF704009F21AD /* Frameworks */,
				8CB0BD92197CF704009F21AD /* Resources */,
			);
			buildRules = (
			);
			dependencies = (
				8CEF839F197CF78900B96A5D /* PBXTargetDependency */,
			);
			name = KeepAlive;
			productName = KeepAlive;
			productReference = 8CB0BD94197CF704009F21AD /* KeepAlive.app */;
			productType = "com.apple.product-type.application";
		};
/* End PBXNativeTarget section */

/* Begin PBXProject section */
		8CB0BD8C197CF704009F21AD /* Project object */ = {
			isa = PBXProject;
			attributes = {
				CLASSPREFIX = KA;
				LastUpgradeCheck = 0510;
				ORGANIZATIONNAME = AVOS;
			};
			buildConfigurationList = 8CB0BD8F197CF704009F21AD /* Build configuration list for PBXProject "KeepAlive" */;
			compatibilityVersion = "Xcode 3.2";
			developmentRegion = English;
			hasScannedForEncodings = 0;
			knownRegions = (
				en,
			);
			mainGroup = 8CB0BD8B197CF704009F21AD;
			productRefGroup = 8CB0BD95197CF704009F21AD /* Products */;
			projectDirPath = "";
			projectReferences = (
				{
					ProductGroup = 8CEF838F197CF77A00B96A5D /* Products */;
					ProjectRef = 8CEF838E197CF77A00B96A5D /* AVOS.xcodeproj */;
				},
			);
			projectRoot = "";
			targets = (
				8CB0BD93197CF704009F21AD /* KeepAlive */,
			);
		};
/* End PBXProject section */

/* Begin PBXReferenceProxy section */
		8CEF8397197CF77A00B96A5D /* AVOSCloud.framework */ = {
			isa = PBXReferenceProxy;
			fileType = wrapper.framework;
			path = AVOSCloud.framework;
			remoteRef = 8CEF8396197CF77A00B96A5D /* PBXContainerItemProxy */;
			sourceTree = BUILT_PRODUCTS_DIR;
		};
		8CEF8399197CF77A00B96A5D /* AVOSCloudTests.xctest */ = {
			isa = PBXReferenceProxy;
			fileType = wrapper.cfbundle;
			path = AVOSCloudTests.xctest;
			remoteRef = 8CEF8398197CF77A00B96A5D /* PBXContainerItemProxy */;
			sourceTree = BUILT_PRODUCTS_DIR;
		};
		8CEF839B197CF77A00B96A5D /* AVOSCloudSNS.framework */ = {
			isa = PBXReferenceProxy;
			fileType = wrapper.framework;
			path = AVOSCloudSNS.framework;
			remoteRef = 8CEF839A197CF77A00B96A5D /* PBXContainerItemProxy */;
			sourceTree = BUILT_PRODUCTS_DIR;
		};
		8CEF839D197CF77A00B96A5D /* AVOSCloudSNSTests.xctest */ = {
			isa = PBXReferenceProxy;
			fileType = wrapper.cfbundle;
			path = AVOSCloudSNSTests.xctest;
			remoteRef = 8CEF839C197CF77A00B96A5D /* PBXContainerItemProxy */;
			sourceTree = BUILT_PRODUCTS_DIR;
		};
/* End PBXReferenceProxy section */

/* Begin PBXResourcesBuildPhase section */
		8CB0BD92197CF704009F21AD /* Resources */ = {
			isa = PBXResourcesBuildPhase;
			buildActionMask = 2147483647;
			files = (
				8CB0BDA2197CF704009F21AD /* InfoPlist.strings in Resources */,
				8CB0BDAA197CF704009F21AD /* Images.xcassets in Resources */,
			);
			runOnlyForDeploymentPostprocessing = 0;
		};
/* End PBXResourcesBuildPhase section */

/* Begin PBXSourcesBuildPhase section */
		8CB0BD90197CF704009F21AD /* Sources */ = {
			isa = PBXSourcesBuildPhase;
			buildActionMask = 2147483647;
			files = (
				8C324CFD197CFEC000DA7258 /* KASessionChatController.m in Sources */,
				8CB0BDA8197CF704009F21AD /* KAAppDelegate.m in Sources */,
				8CEF83AE197CF85800B96A5D /* KALoginController.m in Sources */,
				8CB0BDA4197CF704009F21AD /* main.m in Sources */,
			);
			runOnlyForDeploymentPostprocessing = 0;
		};
/* End PBXSourcesBuildPhase section */

/* Begin PBXTargetDependency section */
		8CEF839F197CF78900B96A5D /* PBXTargetDependency */ = {
			isa = PBXTargetDependency;
			name = AVOSCloud;
			targetProxy = 8CEF839E197CF78900B96A5D /* PBXContainerItemProxy */;
		};
/* End PBXTargetDependency section */

/* Begin PBXVariantGroup section */
		8CB0BDA0197CF704009F21AD /* InfoPlist.strings */ = {
			isa = PBXVariantGroup;
			children = (
				8CB0BDA1197CF704009F21AD /* en */,
			);
			name = InfoPlist.strings;
			sourceTree = "<group>";
		};
/* End PBXVariantGroup section */

/* Begin XCBuildConfiguration section */
		8CB0BDBE197CF704009F21AD /* Debug */ = {
			isa = XCBuildConfiguration;
			buildSettings = {
				ALWAYS_SEARCH_USER_PATHS = NO;
				CLANG_CXX_LANGUAGE_STANDARD = "gnu++0x";
				CLANG_CXX_LIBRARY = "libc++";
				CLANG_ENABLE_MODULES = YES;
				CLANG_ENABLE_OBJC_ARC = YES;
				CLANG_WARN_BOOL_CONVERSION = YES;
				CLANG_WARN_CONSTANT_CONVERSION = YES;
				CLANG_WARN_DIRECT_OBJC_ISA_USAGE = YES_ERROR;
				CLANG_WARN_EMPTY_BODY = YES;
				CLANG_WARN_ENUM_CONVERSION = YES;
				CLANG_WARN_INT_CONVERSION = YES;
				CLANG_WARN_OBJC_ROOT_CLASS = YES_ERROR;
				CLANG_WARN__DUPLICATE_METHOD_MATCH = YES;
				"CODE_SIGN_IDENTITY[sdk=iphoneos*]" = "iPhone Developer";
				COPY_PHASE_STRIP = NO;
				GCC_C_LANGUAGE_STANDARD = gnu99;
				GCC_DYNAMIC_NO_PIC = NO;
				GCC_OPTIMIZATION_LEVEL = 0;
				GCC_PREPROCESSOR_DEFINITIONS = (
					"DEBUG=1",
					"$(inherited)",
				);
				GCC_SYMBOLS_PRIVATE_EXTERN = NO;
				GCC_WARN_64_TO_32_BIT_CONVERSION = YES;
				GCC_WARN_ABOUT_RETURN_TYPE = YES_ERROR;
				GCC_WARN_UNDECLARED_SELECTOR = YES;
				GCC_WARN_UNINITIALIZED_AUTOS = YES_AGGRESSIVE;
				GCC_WARN_UNUSED_FUNCTION = YES;
				GCC_WARN_UNUSED_VARIABLE = YES;
				IPHONEOS_DEPLOYMENT_TARGET = 6.0;
				ONLY_ACTIVE_ARCH = YES;
				SDKROOT = iphoneos;
			};
			name = Debug;
		};
		8CB0BDBF197CF704009F21AD /* Release */ = {
			isa = XCBuildConfiguration;
			buildSettings = {
				ALWAYS_SEARCH_USER_PATHS = NO;
				CLANG_CXX_LANGUAGE_STANDARD = "gnu++0x";
				CLANG_CXX_LIBRARY = "libc++";
				CLANG_ENABLE_MODULES = YES;
				CLANG_ENABLE_OBJC_ARC = YES;
				CLANG_WARN_BOOL_CONVERSION = YES;
				CLANG_WARN_CONSTANT_CONVERSION = YES;
				CLANG_WARN_DIRECT_OBJC_ISA_USAGE = YES_ERROR;
				CLANG_WARN_EMPTY_BODY = YES;
				CLANG_WARN_ENUM_CONVERSION = YES;
				CLANG_WARN_INT_CONVERSION = YES;
				CLANG_WARN_OBJC_ROOT_CLASS = YES_ERROR;
				CLANG_WARN__DUPLICATE_METHOD_MATCH = YES;
				"CODE_SIGN_IDENTITY[sdk=iphoneos*]" = "iPhone Developer";
				COPY_PHASE_STRIP = YES;
				ENABLE_NS_ASSERTIONS = NO;
				GCC_C_LANGUAGE_STANDARD = gnu99;
				GCC_WARN_64_TO_32_BIT_CONVERSION = YES;
				GCC_WARN_ABOUT_RETURN_TYPE = YES_ERROR;
				GCC_WARN_UNDECLARED_SELECTOR = YES;
				GCC_WARN_UNINITIALIZED_AUTOS = YES_AGGRESSIVE;
				GCC_WARN_UNUSED_FUNCTION = YES;
				GCC_WARN_UNUSED_VARIABLE = YES;
				IPHONEOS_DEPLOYMENT_TARGET = 6.0;
				SDKROOT = iphoneos;
				VALIDATE_PRODUCT = YES;
			};
			name = Release;
		};
		8CB0BDC1197CF704009F21AD /* Debug */ = {
			isa = XCBuildConfiguration;
			buildSettings = {
				ASSETCATALOG_COMPILER_APPICON_NAME = AppIcon;
				ASSETCATALOG_COMPILER_LAUNCHIMAGE_NAME = LaunchImage;
				GCC_PRECOMPILE_PREFIX_HEADER = YES;
				GCC_PREFIX_HEADER = "KeepAlive/KeepAlive-Prefix.pch";
				INFOPLIST_FILE = "KeepAlive/KeepAlive-Info.plist";
				PRODUCT_NAME = "$(TARGET_NAME)";
				WRAPPER_EXTENSION = app;
			};
			name = Debug;
		};
		8CB0BDC2197CF704009F21AD /* Release */ = {
			isa = XCBuildConfiguration;
			buildSettings = {
				ASSETCATALOG_COMPILER_APPICON_NAME = AppIcon;
				ASSETCATALOG_COMPILER_LAUNCHIMAGE_NAME = LaunchImage;
				GCC_PRECOMPILE_PREFIX_HEADER = YES;
				GCC_PREFIX_HEADER = "KeepAlive/KeepAlive-Prefix.pch";
				INFOPLIST_FILE = "KeepAlive/KeepAlive-Info.plist";
				PRODUCT_NAME = "$(TARGET_NAME)";
				WRAPPER_EXTENSION = app;
			};
			name = Release;
		};
/* End XCBuildConfiguration section */

/* Begin XCConfigurationList section */
		8CB0BD8F197CF704009F21AD /* Build configuration list for PBXProject "KeepAlive" */ = {
			isa = XCConfigurationList;
			buildConfigurations = (
				8CB0BDBE197CF704009F21AD /* Debug */,
				8CB0BDBF197CF704009F21AD /* Release */,
			);
			defaultConfigurationIsVisible = 0;
			defaultConfigurationName = Release;
		};
		8CB0BDC0197CF704009F21AD /* Build configuration list for PBXNativeTarget "KeepAlive" */ = {
			isa = XCConfigurationList;
			buildConfigurations = (
				8CB0BDC1197CF704009F21AD /* Debug */,
				8CB0BDC2197CF704009F21AD /* Release */,
			);
			defaultConfigurationIsVisible = 0;
			defaultConfigurationName = Release;
		};
/* End XCConfigurationList section */
	};
	rootObject = 8CB0BD8C197CF704009F21AD /* Project object */;
}
