// !$*UTF8*$!
{
	archiveVersion = 1;
	classes = {
	};
	objectVersion = 46;
	objects = {

/* Begin PBXBuildFile section */
		8C255D661AEA12D6008A6FFC /* main.m in Sources */ = {isa = PBXBuildFile; fileRef = 8C255D651AEA12D6008A6FFC /* main.m */; };
		8C255D691AEA12D6008A6FFC /* AppDelegate.m in Sources */ = {isa = PBXBuildFile; fileRef = 8C255D681AEA12D6008A6FFC /* AppDelegate.m */; };
		8C255D6C1AEA12D6008A6FFC /* ViewController.m in Sources */ = {isa = PBXBuildFile; fileRef = 8C255D6B1AEA12D6008A6FFC /* ViewController.m */; };
		8C255D6F1AEA12D6008A6FFC /* Main.storyboard in Resources */ = {isa = PBXBuildFile; fileRef = 8C255D6D1AEA12D6008A6FFC /* Main.storyboard */; };
		8C255D711AEA12D6008A6FFC /* Images.xcassets in Resources */ = {isa = PBXBuildFile; fileRef = 8C255D701AEA12D6008A6FFC /* Images.xcassets */; };
		8C255D741AEA12D6008A6FFC /* LaunchScreen.xib in Resources */ = {isa = PBXBuildFile; fileRef = 8C255D721AEA12D6008A6FFC /* LaunchScreen.xib */; };
		8C255D801AEA12D6008A6FFC /* TestCrashReportTests.m in Sources */ = {isa = PBXBuildFile; fileRef = 8C255D7F1AEA12D6008A6FFC /* TestCrashReportTests.m */; };
		8C255DA91AEA131E008A6FFC /* AVOSCloud.framework in Frameworks */ = {isa = PBXBuildFile; fileRef = 8C255D961AEA12F9008A6FFC /* AVOSCloud.framework */; };
		8C255DAA1AEA131E008A6FFC /* AVOSCloudCrashReporting.framework in Frameworks */ = {isa = PBXBuildFile; fileRef = 8C255DA21AEA12F9008A6FFC /* AVOSCloudCrashReporting.framework */; };
		8C255DAF1AEA134C008A6FFC /* libc++.dylib in Frameworks */ = {isa = PBXBuildFile; fileRef = 8C255DAE1AEA134C008A6FFC /* libc++.dylib */; };
		8C255DB61AEA178F008A6FFC /* CoreLocation.framework in Frameworks */ = {isa = PBXBuildFile; fileRef = 8C255DB21AEA178F008A6FFC /* CoreLocation.framework */; };
		8C255DB71AEA178F008A6FFC /* CoreTelephony.framework in Frameworks */ = {isa = PBXBuildFile; fileRef = 8C255DB31AEA178F008A6FFC /* CoreTelephony.framework */; };
		8C255DB81AEA178F008A6FFC /* MobileCoreServices.framework in Frameworks */ = {isa = PBXBuildFile; fileRef = 8C255DB41AEA178F008A6FFC /* MobileCoreServices.framework */; };
		8C255DB91AEA178F008A6FFC /* SystemConfiguration.framework in Frameworks */ = {isa = PBXBuildFile; fileRef = 8C255DB51AEA178F008A6FFC /* SystemConfiguration.framework */; };
		8C255DBB1AEA17AB008A6FFC /* libicucore.dylib in Frameworks */ = {isa = PBXBuildFile; fileRef = 8C255DBA1AEA17AB008A6FFC /* libicucore.dylib */; };
		8C255DBD1AEA21F5008A6FFC /* libBreakpad.a in Frameworks */ = {isa = PBXBuildFile; fileRef = 8C255DBC1AEA21F5008A6FFC /* libBreakpad.a */; };
/* End PBXBuildFile section */

/* Begin PBXContainerItemProxy section */
		8C255D7A1AEA12D6008A6FFC /* PBXContainerItemProxy */ = {
			isa = PBXContainerItemProxy;
			containerPortal = 8C255D581AEA12D6008A6FFC /* Project object */;
			proxyType = 1;
			remoteGlobalIDString = 8C255D5F1AEA12D6008A6FFC;
			remoteInfo = TestCrashReport;
		};
		8C255D951AEA12F9008A6FFC /* PBXContainerItemProxy */ = {
			isa = PBXContainerItemProxy;
			containerPortal = 8C255D891AEA12F9008A6FFC /* AVOS.xcodeproj */;
			proxyType = 2;
			remoteGlobalIDString = 8C8419861A5A791300C5C6C4;
			remoteInfo = AVOSCloud;
		};
		8C255D971AEA12F9008A6FFC /* PBXContainerItemProxy */ = {
			isa = PBXContainerItemProxy;
			containerPortal = 8C255D891AEA12F9008A6FFC /* AVOS.xcodeproj */;
			proxyType = 2;
			remoteGlobalIDString = 8C8419911A5A791300C5C6C4;
			remoteInfo = AVOSCloudTests;
		};
		8C255D991AEA12F9008A6FFC /* PBXContainerItemProxy */ = {
			isa = PBXContainerItemProxy;
			containerPortal = 8C255D891AEA12F9008A6FFC /* AVOS.xcodeproj */;
			proxyType = 2;
			remoteGlobalIDString = 8C8419A51A5A794600C5C6C4;
			remoteInfo = AVOSCloudSNS;
		};
		8C255D9B1AEA12F9008A6FFC /* PBXContainerItemProxy */ = {
			isa = PBXContainerItemProxy;
			containerPortal = 8C255D891AEA12F9008A6FFC /* AVOS.xcodeproj */;
			proxyType = 2;
			remoteGlobalIDString = 8C8419AF1A5A794600C5C6C4;
			remoteInfo = AVOSCloudSNSTests;
		};
		8C255D9D1AEA12F9008A6FFC /* PBXContainerItemProxy */ = {
			isa = PBXContainerItemProxy;
			containerPortal = 8C255D891AEA12F9008A6FFC /* AVOS.xcodeproj */;
			proxyType = 2;
			remoteGlobalIDString = 8C8419C31A5A796000C5C6C4;
			remoteInfo = AVOSCloudIM;
		};
		8C255D9F1AEA12F9008A6FFC /* PBXContainerItemProxy */ = {
			isa = PBXContainerItemProxy;
			containerPortal = 8C255D891AEA12F9008A6FFC /* AVOS.xcodeproj */;
			proxyType = 2;
			remoteGlobalIDString = 8C8419CD1A5A796000C5C6C4;
			remoteInfo = AVOSCloudIMTests;
		};
		8C255DA11AEA12F9008A6FFC /* PBXContainerItemProxy */ = {
			isa = PBXContainerItemProxy;
			containerPortal = 8C255D891AEA12F9008A6FFC /* AVOS.xcodeproj */;
			proxyType = 2;
			remoteGlobalIDString = 8C255D261AE9F815008A6FFC;
			remoteInfo = AVOSCloudCrashReporting;
		};
		8C255DA31AEA12F9008A6FFC /* PBXContainerItemProxy */ = {
			isa = PBXContainerItemProxy;
			containerPortal = 8C255D891AEA12F9008A6FFC /* AVOS.xcodeproj */;
			proxyType = 2;
			remoteGlobalIDString = 8C255D301AE9F817008A6FFC;
			remoteInfo = AVOSCloudCrashReportingTests;
		};
		8C255DA51AEA130C008A6FFC /* PBXContainerItemProxy */ = {
			isa = PBXContainerItemProxy;
			containerPortal = 8C255D891AEA12F9008A6FFC /* AVOS.xcodeproj */;
			proxyType = 1;
			remoteGlobalIDString = 8C8419851A5A791300C5C6C4;
			remoteInfo = AVOSCloud;
		};
		8C255DA71AEA130C008A6FFC /* PBXContainerItemProxy */ = {
			isa = PBXContainerItemProxy;
			containerPortal = 8C255D891AEA12F9008A6FFC /* AVOS.xcodeproj */;
			proxyType = 1;
			remoteGlobalIDString = 8C255D251AE9F815008A6FFC;
			remoteInfo = AVOSCloudCrashReporting;
		};
/* End PBXContainerItemProxy section */

/* Begin PBXFileReference section */
		8C255D601AEA12D6008A6FFC /* TestCrashReport.app */ = {isa = PBXFileReference; explicitFileType = wrapper.application; includeInIndex = 0; path = TestCrashReport.app; sourceTree = BUILT_PRODUCTS_DIR; };
		8C255D641AEA12D6008A6FFC /* Info.plist */ = {isa = PBXFileReference; lastKnownFileType = text.plist.xml; path = Info.plist; sourceTree = "<group>"; };
		8C255D651AEA12D6008A6FFC /* main.m */ = {isa = PBXFileReference; lastKnownFileType = sourcecode.c.objc; path = main.m; sourceTree = "<group>"; };
		8C255D671AEA12D6008A6FFC /* AppDelegate.h */ = {isa = PBXFileReference; lastKnownFileType = sourcecode.c.h; path = AppDelegate.h; sourceTree = "<group>"; };
		8C255D681AEA12D6008A6FFC /* AppDelegate.m */ = {isa = PBXFileReference; lastKnownFileType = sourcecode.c.objc; path = AppDelegate.m; sourceTree = "<group>"; };
		8C255D6A1AEA12D6008A6FFC /* ViewController.h */ = {isa = PBXFileReference; lastKnownFileType = sourcecode.c.h; path = ViewController.h; sourceTree = "<group>"; };
		8C255D6B1AEA12D6008A6FFC /* ViewController.m */ = {isa = PBXFileReference; lastKnownFileType = sourcecode.c.objc; path = ViewController.m; sourceTree = "<group>"; };
		8C255D6E1AEA12D6008A6FFC /* Base */ = {isa = PBXFileReference; lastKnownFileType = file.storyboard; name = Base; path = Base.lproj/Main.storyboard; sourceTree = "<group>"; };
		8C255D701AEA12D6008A6FFC /* Images.xcassets */ = {isa = PBXFileReference; lastKnownFileType = folder.assetcatalog; path = Images.xcassets; sourceTree = "<group>"; };
		8C255D731AEA12D6008A6FFC /* Base */ = {isa = PBXFileReference; lastKnownFileType = file.xib; name = Base; path = Base.lproj/LaunchScreen.xib; sourceTree = "<group>"; };
		8C255D791AEA12D6008A6FFC /* TestCrashReportTests.xctest */ = {isa = PBXFileReference; explicitFileType = wrapper.cfbundle; includeInIndex = 0; path = TestCrashReportTests.xctest; sourceTree = BUILT_PRODUCTS_DIR; };
		8C255D7E1AEA12D6008A6FFC /* Info.plist */ = {isa = PBXFileReference; lastKnownFileType = text.plist.xml; path = Info.plist; sourceTree = "<group>"; };
		8C255D7F1AEA12D6008A6FFC /* TestCrashReportTests.m */ = {isa = PBXFileReference; lastKnownFileType = sourcecode.c.objc; path = TestCrashReportTests.m; sourceTree = "<group>"; };
		8C255D891AEA12F9008A6FFC /* AVOS.xcodeproj */ = {isa = PBXFileReference; lastKnownFileType = "wrapper.pb-project"; name = AVOS.xcodeproj; path = ../../AVOS/AVOS.xcodeproj; sourceTree = "<group>"; };
		8C255DAE1AEA134C008A6FFC /* libc++.dylib */ = {isa = PBXFileReference; lastKnownFileType = "compiled.mach-o.dylib"; name = "libc++.dylib"; path = "usr/lib/libc++.dylib"; sourceTree = SDKROOT; };
		8C255DB21AEA178F008A6FFC /* CoreLocation.framework */ = {isa = PBXFileReference; lastKnownFileType = wrapper.framework; name = CoreLocation.framework; path = System/Library/Frameworks/CoreLocation.framework; sourceTree = SDKROOT; };
		8C255DB31AEA178F008A6FFC /* CoreTelephony.framework */ = {isa = PBXFileReference; lastKnownFileType = wrapper.framework; name = CoreTelephony.framework; path = System/Library/Frameworks/CoreTelephony.framework; sourceTree = SDKROOT; };
		8C255DB41AEA178F008A6FFC /* MobileCoreServices.framework */ = {isa = PBXFileReference; lastKnownFileType = wrapper.framework; name = MobileCoreServices.framework; path = System/Library/Frameworks/MobileCoreServices.framework; sourceTree = SDKROOT; };
		8C255DB51AEA178F008A6FFC /* SystemConfiguration.framework */ = {isa = PBXFileReference; lastKnownFileType = wrapper.framework; name = SystemConfiguration.framework; path = System/Library/Frameworks/SystemConfiguration.framework; sourceTree = SDKROOT; };
		8C255DBA1AEA17AB008A6FFC /* libicucore.dylib */ = {isa = PBXFileReference; lastKnownFileType = "compiled.mach-o.dylib"; name = libicucore.dylib; path = usr/lib/libicucore.dylib; sourceTree = SDKROOT; };
		8C255DBC1AEA21F5008A6FFC /* libBreakpad.a */ = {isa = PBXFileReference; lastKnownFileType = archive.ar; name = libBreakpad.a; path = ../../../AVOS/Frameworks/libBreakpad.a; sourceTree = "<group>"; };
/* End PBXFileReference section */

/* Begin PBXFrameworksBuildPhase section */
		8C255D5D1AEA12D6008A6FFC /* Frameworks */ = {
			isa = PBXFrameworksBuildPhase;
			buildActionMask = 2147483647;
			files = (
				8C255DBD1AEA21F5008A6FFC /* libBreakpad.a in Frameworks */,
				8C255DBB1AEA17AB008A6FFC /* libicucore.dylib in Frameworks */,
				8C255DB61AEA178F008A6FFC /* CoreLocation.framework in Frameworks */,
				8C255DB71AEA178F008A6FFC /* CoreTelephony.framework in Frameworks */,
				8C255DB81AEA178F008A6FFC /* MobileCoreServices.framework in Frameworks */,
				8C255DB91AEA178F008A6FFC /* SystemConfiguration.framework in Frameworks */,
				8C255DAF1AEA134C008A6FFC /* libc++.dylib in Frameworks */,
				8C255DA91AEA131E008A6FFC /* AVOSCloud.framework in Frameworks */,
				8C255DAA1AEA131E008A6FFC /* AVOSCloudCrashReporting.framework in Frameworks */,
			);
			runOnlyForDeploymentPostprocessing = 0;
		};
		8C255D761AEA12D6008A6FFC /* Frameworks */ = {
			isa = PBXFrameworksBuildPhase;
			buildActionMask = 2147483647;
			files = (
			);
			runOnlyForDeploymentPostprocessing = 0;
		};
/* End PBXFrameworksBuildPhase section */

/* Begin PBXGroup section */
		8C255D571AEA12D6008A6FFC = {
			isa = PBXGroup;
			children = (
				8C255D891AEA12F9008A6FFC /* AVOS.xcodeproj */,
				8C255DAD1AEA133C008A6FFC /* Frameworks */,
				8C255D611AEA12D6008A6FFC /* Products */,
				8C255D621AEA12D6008A6FFC /* TestCrashReport */,
				8C255D7C1AEA12D6008A6FFC /* TestCrashReportTests */,
			);
			sourceTree = "<group>";
		};
		8C255D611AEA12D6008A6FFC /* Products */ = {
			isa = PBXGroup;
			children = (
				8C255D601AEA12D6008A6FFC /* TestCrashReport.app */,
				8C255D791AEA12D6008A6FFC /* TestCrashReportTests.xctest */,
			);
			name = Products;
			sourceTree = "<group>";
		};
		8C255D621AEA12D6008A6FFC /* TestCrashReport */ = {
			isa = PBXGroup;
			children = (
				8C255D671AEA12D6008A6FFC /* AppDelegate.h */,
				8C255D681AEA12D6008A6FFC /* AppDelegate.m */,
				8C255D6A1AEA12D6008A6FFC /* ViewController.h */,
				8C255D6B1AEA12D6008A6FFC /* ViewController.m */,
				8C255D6D1AEA12D6008A6FFC /* Main.storyboard */,
				8C255D701AEA12D6008A6FFC /* Images.xcassets */,
				8C255D721AEA12D6008A6FFC /* LaunchScreen.xib */,
				8C255D631AEA12D6008A6FFC /* Supporting Files */,
			);
			path = TestCrashReport;
			sourceTree = "<group>";
		};
		8C255D631AEA12D6008A6FFC /* Supporting Files */ = {
			isa = PBXGroup;
			children = (
				8C255D641AEA12D6008A6FFC /* Info.plist */,
				8C255D651AEA12D6008A6FFC /* main.m */,
			);
			name = "Supporting Files";
			sourceTree = "<group>";
		};
		8C255D7C1AEA12D6008A6FFC /* TestCrashReportTests */ = {
			isa = PBXGroup;
			children = (
				8C255D7F1AEA12D6008A6FFC /* TestCrashReportTests.m */,
				8C255D7D1AEA12D6008A6FFC /* Supporting Files */,
			);
			path = TestCrashReportTests;
			sourceTree = "<group>";
		};
		8C255D7D1AEA12D6008A6FFC /* Supporting Files */ = {
			isa = PBXGroup;
			children = (
				8C255D7E1AEA12D6008A6FFC /* Info.plist */,
			);
			name = "Supporting Files";
			sourceTree = "<group>";
		};
		8C255D8A1AEA12F9008A6FFC /* Products */ = {
			isa = PBXGroup;
			children = (
				8C255D961AEA12F9008A6FFC /* AVOSCloud.framework */,
				8C255D981AEA12F9008A6FFC /* AVOSCloudTests.xctest */,
				8C255D9A1AEA12F9008A6FFC /* AVOSCloudSNS.framework */,
				8C255D9C1AEA12F9008A6FFC /* AVOSCloudSNSTests.xctest */,
				8C255D9E1AEA12F9008A6FFC /* AVOSCloudIM.framework */,
				8C255DA01AEA12F9008A6FFC /* AVOSCloudIMTests.xctest */,
				8C255DA21AEA12F9008A6FFC /* AVOSCloudCrashReporting.framework */,
				8C255DA41AEA12F9008A6FFC /* AVOSCloudCrashReportingTests.xctest */,
			);
			name = Products;
			sourceTree = "<group>";
		};
		8C255DAD1AEA133C008A6FFC /* Frameworks */ = {
			isa = PBXGroup;
			children = (
				8C255DBC1AEA21F5008A6FFC /* libBreakpad.a */,
				8C255DBA1AEA17AB008A6FFC /* libicucore.dylib */,
				8C255DB21AEA178F008A6FFC /* CoreLocation.framework */,
				8C255DB31AEA178F008A6FFC /* CoreTelephony.framework */,
				8C255DB41AEA178F008A6FFC /* MobileCoreServices.framework */,
				8C255DB51AEA178F008A6FFC /* SystemConfiguration.framework */,
				8C255DAE1AEA134C008A6FFC /* libc++.dylib */,
			);
			path = Frameworks;
			sourceTree = "<group>";
		};
/* End PBXGroup section */

/* Begin PBXNativeTarget section */
		8C255D5F1AEA12D6008A6FFC /* TestCrashReport */ = {
			isa = PBXNativeTarget;
			buildConfigurationList = 8C255D831AEA12D6008A6FFC /* Build configuration list for PBXNativeTarget "TestCrashReport" */;
			buildPhases = (
				8C255D5C1AEA12D6008A6FFC /* Sources */,
				8C255D5D1AEA12D6008A6FFC /* Frameworks */,
				8C255D5E1AEA12D6008A6FFC /* Resources */,
				8C255DBF1AEA45C3008A6FFC /* Run Script */,
			);
			buildRules = (
			);
			dependencies = (
				8C255DA61AEA130C008A6FFC /* PBXTargetDependency */,
				8C255DA81AEA130C008A6FFC /* PBXTargetDependency */,
			);
			name = TestCrashReport;
			productName = TestCrashReport;
			productReference = 8C255D601AEA12D6008A6FFC /* TestCrashReport.app */;
			productType = "com.apple.product-type.application";
		};
		8C255D781AEA12D6008A6FFC /* TestCrashReportTests */ = {
			isa = PBXNativeTarget;
			buildConfigurationList = 8C255D861AEA12D6008A6FFC /* Build configuration list for PBXNativeTarget "TestCrashReportTests" */;
			buildPhases = (
				8C255D751AEA12D6008A6FFC /* Sources */,
				8C255D761AEA12D6008A6FFC /* Frameworks */,
				8C255D771AEA12D6008A6FFC /* Resources */,
			);
			buildRules = (
			);
			dependencies = (
				8C255D7B1AEA12D6008A6FFC /* PBXTargetDependency */,
			);
			name = TestCrashReportTests;
			productName = TestCrashReportTests;
			productReference = 8C255D791AEA12D6008A6FFC /* TestCrashReportTests.xctest */;
			productType = "com.apple.product-type.bundle.unit-test";
		};
/* End PBXNativeTarget section */

/* Begin PBXProject section */
		8C255D581AEA12D6008A6FFC /* Project object */ = {
			isa = PBXProject;
			attributes = {
				LastUpgradeCheck = 0630;
				ORGANIZATIONNAME = "LeanCloud Inc.";
				TargetAttributes = {
					8C255D5F1AEA12D6008A6FFC = {
						CreatedOnToolsVersion = 6.3.1;
					};
					8C255D781AEA12D6008A6FFC = {
						CreatedOnToolsVersion = 6.3.1;
						TestTargetID = 8C255D5F1AEA12D6008A6FFC;
					};
				};
			};
			buildConfigurationList = 8C255D5B1AEA12D6008A6FFC /* Build configuration list for PBXProject "TestCrashReport" */;
			compatibilityVersion = "Xcode 3.2";
			developmentRegion = English;
			hasScannedForEncodings = 0;
			knownRegions = (
				en,
				Base,
			);
			mainGroup = 8C255D571AEA12D6008A6FFC;
			productRefGroup = 8C255D611AEA12D6008A6FFC /* Products */;
			projectDirPath = "";
			projectReferences = (
				{
					ProductGroup = 8C255D8A1AEA12F9008A6FFC /* Products */;
					ProjectRef = 8C255D891AEA12F9008A6FFC /* AVOS.xcodeproj */;
				},
			);
			projectRoot = "";
			targets = (
				8C255D5F1AEA12D6008A6FFC /* TestCrashReport */,
				8C255D781AEA12D6008A6FFC /* TestCrashReportTests */,
			);
		};
/* End PBXProject section */

/* Begin PBXReferenceProxy section */
		8C255D961AEA12F9008A6FFC /* AVOSCloud.framework */ = {
			isa = PBXReferenceProxy;
			fileType = wrapper.framework;
			path = AVOSCloud.framework;
			remoteRef = 8C255D951AEA12F9008A6FFC /* PBXContainerItemProxy */;
			sourceTree = BUILT_PRODUCTS_DIR;
		};
		8C255D981AEA12F9008A6FFC /* AVOSCloudTests.xctest */ = {
			isa = PBXReferenceProxy;
			fileType = wrapper.cfbundle;
			path = AVOSCloudTests.xctest;
			remoteRef = 8C255D971AEA12F9008A6FFC /* PBXContainerItemProxy */;
			sourceTree = BUILT_PRODUCTS_DIR;
		};
		8C255D9A1AEA12F9008A6FFC /* AVOSCloudSNS.framework */ = {
			isa = PBXReferenceProxy;
			fileType = wrapper.framework;
			path = AVOSCloudSNS.framework;
			remoteRef = 8C255D991AEA12F9008A6FFC /* PBXContainerItemProxy */;
			sourceTree = BUILT_PRODUCTS_DIR;
		};
		8C255D9C1AEA12F9008A6FFC /* AVOSCloudSNSTests.xctest */ = {
			isa = PBXReferenceProxy;
			fileType = wrapper.cfbundle;
			path = AVOSCloudSNSTests.xctest;
			remoteRef = 8C255D9B1AEA12F9008A6FFC /* PBXContainerItemProxy */;
			sourceTree = BUILT_PRODUCTS_DIR;
		};
		8C255D9E1AEA12F9008A6FFC /* AVOSCloudIM.framework */ = {
			isa = PBXReferenceProxy;
			fileType = wrapper.framework;
			path = AVOSCloudIM.framework;
			remoteRef = 8C255D9D1AEA12F9008A6FFC /* PBXContainerItemProxy */;
			sourceTree = BUILT_PRODUCTS_DIR;
		};
		8C255DA01AEA12F9008A6FFC /* AVOSCloudIMTests.xctest */ = {
			isa = PBXReferenceProxy;
			fileType = wrapper.cfbundle;
			path = AVOSCloudIMTests.xctest;
			remoteRef = 8C255D9F1AEA12F9008A6FFC /* PBXContainerItemProxy */;
			sourceTree = BUILT_PRODUCTS_DIR;
		};
		8C255DA21AEA12F9008A6FFC /* AVOSCloudCrashReporting.framework */ = {
			isa = PBXReferenceProxy;
			fileType = wrapper.framework;
			path = AVOSCloudCrashReporting.framework;
			remoteRef = 8C255DA11AEA12F9008A6FFC /* PBXContainerItemProxy */;
			sourceTree = BUILT_PRODUCTS_DIR;
		};
		8C255DA41AEA12F9008A6FFC /* AVOSCloudCrashReportingTests.xctest */ = {
			isa = PBXReferenceProxy;
			fileType = wrapper.cfbundle;
			path = AVOSCloudCrashReportingTests.xctest;
			remoteRef = 8C255DA31AEA12F9008A6FFC /* PBXContainerItemProxy */;
			sourceTree = BUILT_PRODUCTS_DIR;
		};
/* End PBXReferenceProxy section */

/* Begin PBXResourcesBuildPhase section */
		8C255D5E1AEA12D6008A6FFC /* Resources */ = {
			isa = PBXResourcesBuildPhase;
			buildActionMask = 2147483647;
			files = (
				8C255D6F1AEA12D6008A6FFC /* Main.storyboard in Resources */,
				8C255D741AEA12D6008A6FFC /* LaunchScreen.xib in Resources */,
				8C255D711AEA12D6008A6FFC /* Images.xcassets in Resources */,
			);
			runOnlyForDeploymentPostprocessing = 0;
		};
		8C255D771AEA12D6008A6FFC /* Resources */ = {
			isa = PBXResourcesBuildPhase;
			buildActionMask = 2147483647;
			files = (
			);
			runOnlyForDeploymentPostprocessing = 0;
		};
/* End PBXResourcesBuildPhase section */

/* Begin PBXShellScriptBuildPhase section */
		8C255DBF1AEA45C3008A6FFC /* Run Script */ = {
			isa = PBXShellScriptBuildPhase;
			buildActionMask = 2147483647;
			files = (
			);
			inputPaths = (
			);
			name = "Run Script";
			outputPaths = (
			);
			runOnlyForDeploymentPostprocessing = 0;
			shellPath = /bin/sh;
			shellScript = "leancloud upload_symbol \\\n-f \"${DWARF_DSYM_FOLDER_PATH}/${DWARF_DSYM_FILE_NAME}\" \\\n-i doyenb47ogu21ux8t3wrjh6yvaaxune2fo6x6nn76uhig6yz \\\n-k mwr8butq7zvfdz9nljy7vs3z2dfwa2k76jq2pke7i3bmmp5h";
		};
/* End PBXShellScriptBuildPhase section */

/* Begin PBXSourcesBuildPhase section */
		8C255D5C1AEA12D6008A6FFC /* Sources */ = {
			isa = PBXSourcesBuildPhase;
			buildActionMask = 2147483647;
			files = (
				8C255D6C1AEA12D6008A6FFC /* ViewController.m in Sources */,
				8C255D691AEA12D6008A6FFC /* AppDelegate.m in Sources */,
				8C255D661AEA12D6008A6FFC /* main.m in Sources */,
			);
			runOnlyForDeploymentPostprocessing = 0;
		};
		8C255D751AEA12D6008A6FFC /* Sources */ = {
			isa = PBXSourcesBuildPhase;
			buildActionMask = 2147483647;
			files = (
				8C255D801AEA12D6008A6FFC /* TestCrashReportTests.m in Sources */,
			);
			runOnlyForDeploymentPostprocessing = 0;
		};
/* End PBXSourcesBuildPhase section */

/* Begin PBXTargetDependency section */
		8C255D7B1AEA12D6008A6FFC /* PBXTargetDependency */ = {
			isa = PBXTargetDependency;
			target = 8C255D5F1AEA12D6008A6FFC /* TestCrashReport */;
			targetProxy = 8C255D7A1AEA12D6008A6FFC /* PBXContainerItemProxy */;
		};
		8C255DA61AEA130C008A6FFC /* PBXTargetDependency */ = {
			isa = PBXTargetDependency;
			name = AVOSCloud;
			targetProxy = 8C255DA51AEA130C008A6FFC /* PBXContainerItemProxy */;
		};
		8C255DA81AEA130C008A6FFC /* PBXTargetDependency */ = {
			isa = PBXTargetDependency;
			name = AVOSCloudCrashReporting;
			targetProxy = 8C255DA71AEA130C008A6FFC /* PBXContainerItemProxy */;
		};
/* End PBXTargetDependency section */

/* Begin PBXVariantGroup section */
		8C255D6D1AEA12D6008A6FFC /* Main.storyboard */ = {
			isa = PBXVariantGroup;
			children = (
				8C255D6E1AEA12D6008A6FFC /* Base */,
			);
			name = Main.storyboard;
			sourceTree = "<group>";
		};
		8C255D721AEA12D6008A6FFC /* LaunchScreen.xib */ = {
			isa = PBXVariantGroup;
			children = (
				8C255D731AEA12D6008A6FFC /* Base */,
			);
			name = LaunchScreen.xib;
			sourceTree = "<group>";
		};
/* End PBXVariantGroup section */

/* Begin XCBuildConfiguration section */
		8C255D811AEA12D6008A6FFC /* Debug */ = {
			isa = XCBuildConfiguration;
			buildSettings = {
				ALWAYS_SEARCH_USER_PATHS = NO;
				CLANG_CXX_LANGUAGE_STANDARD = "gnu++0x";
				CLANG_CXX_LIBRARY = "libc++";
				CLANG_ENABLE_MODULES = YES;
				CLANG_ENABLE_OBJC_ARC = YES;
				CLANG_WARN_BOOL_CONVERSION = YES;
				CLANG_WARN_CONSTANT_CONVERSION = YES;
				CLANG_WARN_DIRECT_OBJC_ISA_USAGE = YES_ERROR;
				CLANG_WARN_EMPTY_BODY = YES;
				CLANG_WARN_ENUM_CONVERSION = YES;
				CLANG_WARN_INT_CONVERSION = YES;
				CLANG_WARN_OBJC_ROOT_CLASS = YES_ERROR;
				CLANG_WARN_UNREACHABLE_CODE = YES;
				CLANG_WARN__DUPLICATE_METHOD_MATCH = YES;
				"CODE_SIGN_IDENTITY[sdk=iphoneos*]" = "iPhone Developer";
				COPY_PHASE_STRIP = NO;
				DEBUG_INFORMATION_FORMAT = "dwarf-with-dsym";
				ENABLE_STRICT_OBJC_MSGSEND = YES;
				GCC_C_LANGUAGE_STANDARD = gnu99;
				GCC_DYNAMIC_NO_PIC = NO;
				GCC_NO_COMMON_BLOCKS = YES;
				GCC_OPTIMIZATION_LEVEL = 0;
				GCC_PREPROCESSOR_DEFINITIONS = (
					"DEBUG=1",
					"$(inherited)",
				);
				GCC_SYMBOLS_PRIVATE_EXTERN = NO;
				GCC_WARN_64_TO_32_BIT_CONVERSION = YES;
				GCC_WARN_ABOUT_RETURN_TYPE = YES_ERROR;
				GCC_WARN_UNDECLARED_SELECTOR = YES;
				GCC_WARN_UNINITIALIZED_AUTOS = YES_AGGRESSIVE;
				GCC_WARN_UNUSED_FUNCTION = YES;
				GCC_WARN_UNUSED_VARIABLE = YES;
				IPHONEOS_DEPLOYMENT_TARGET = 7.0;
				MTL_ENABLE_DEBUG_INFO = YES;
				ONLY_ACTIVE_ARCH = YES;
				SDKROOT = iphoneos;
			};
			name = Debug;
		};
		8C255D821AEA12D6008A6FFC /* Release */ = {
			isa = XCBuildConfiguration;
			buildSettings = {
				ALWAYS_SEARCH_USER_PATHS = NO;
				CLANG_CXX_LANGUAGE_STANDARD = "gnu++0x";
				CLANG_CXX_LIBRARY = "libc++";
				CLANG_ENABLE_MODULES = YES;
				CLANG_ENABLE_OBJC_ARC = YES;
				CLANG_WARN_BOOL_CONVERSION = YES;
				CLANG_WARN_CONSTANT_CONVERSION = YES;
				CLANG_WARN_DIRECT_OBJC_ISA_USAGE = YES_ERROR;
				CLANG_WARN_EMPTY_BODY = YES;
				CLANG_WARN_ENUM_CONVERSION = YES;
				CLANG_WARN_INT_CONVERSION = YES;
				CLANG_WARN_OBJC_ROOT_CLASS = YES_ERROR;
				CLANG_WARN_UNREACHABLE_CODE = YES;
				CLANG_WARN__DUPLICATE_METHOD_MATCH = YES;
				"CODE_SIGN_IDENTITY[sdk=iphoneos*]" = "iPhone Developer";
				COPY_PHASE_STRIP = NO;
				DEBUG_INFORMATION_FORMAT = "dwarf-with-dsym";
				ENABLE_NS_ASSERTIONS = NO;
				ENABLE_STRICT_OBJC_MSGSEND = YES;
				GCC_C_LANGUAGE_STANDARD = gnu99;
				GCC_NO_COMMON_BLOCKS = YES;
				GCC_WARN_64_TO_32_BIT_CONVERSION = YES;
				GCC_WARN_ABOUT_RETURN_TYPE = YES_ERROR;
				GCC_WARN_UNDECLARED_SELECTOR = YES;
				GCC_WARN_UNINITIALIZED_AUTOS = YES_AGGRESSIVE;
				GCC_WARN_UNUSED_FUNCTION = YES;
				GCC_WARN_UNUSED_VARIABLE = YES;
				IPHONEOS_DEPLOYMENT_TARGET = 7.0;
				MTL_ENABLE_DEBUG_INFO = NO;
				SDKROOT = iphoneos;
				VALIDATE_PRODUCT = YES;
			};
			name = Release;
		};
		8C255D841AEA12D6008A6FFC /* Debug */ = {
			isa = XCBuildConfiguration;
			buildSettings = {
				ASSETCATALOG_COMPILER_APPICON_NAME = AppIcon;
				GCC_GENERATE_TEST_COVERAGE_FILES = YES;
				GCC_INSTRUMENT_PROGRAM_FLOW_ARCS = YES;
				INFOPLIST_FILE = TestCrashReport/Info.plist;
				LD_RUNPATH_SEARCH_PATHS = "$(inherited) @executable_path/Frameworks";
				LIBRARY_SEARCH_PATHS = (
					"$(inherited)",
					"/Users/ufo/Documents/Work/iOS-sdk/AVOS/Frameworks",
				);
				PRODUCT_NAME = "$(TARGET_NAME)";
			};
			name = Debug;
		};
		8C255D851AEA12D6008A6FFC /* Release */ = {
			isa = XCBuildConfiguration;
			buildSettings = {
				ASSETCATALOG_COMPILER_APPICON_NAME = AppIcon;
				INFOPLIST_FILE = TestCrashReport/Info.plist;
				LD_RUNPATH_SEARCH_PATHS = "$(inherited) @executable_path/Frameworks";
				LIBRARY_SEARCH_PATHS = (
					"$(inherited)",
					"/Users/ufo/Documents/Work/iOS-sdk/AVOS/Frameworks",
				);
				PRODUCT_NAME = "$(TARGET_NAME)";
			};
			name = Release;
		};
		8C255D871AEA12D6008A6FFC /* Debug */ = {
			isa = XCBuildConfiguration;
			buildSettings = {
				BUNDLE_LOADER = "$(TEST_HOST)";
				FRAMEWORK_SEARCH_PATHS = (
					"$(SDKROOT)/Developer/Library/Frameworks",
					"$(inherited)",
				);
				GCC_PREPROCESSOR_DEFINITIONS = (
					"DEBUG=1",
					"$(inherited)",
				);
				INFOPLIST_FILE = TestCrashReportTests/Info.plist;
				LD_RUNPATH_SEARCH_PATHS = "$(inherited) @executable_path/Frameworks @loader_path/Frameworks";
				PRODUCT_NAME = "$(TARGET_NAME)";
				TEST_HOST = "$(BUILT_PRODUCTS_DIR)/TestCrashReport.app/TestCrashReport";
			};
			name = Debug;
		};
		8C255D881AEA12D6008A6FFC /* Release */ = {
			isa = XCBuildConfiguration;
			buildSettings = {
				BUNDLE_LOADER = "$(TEST_HOST)";
				FRAMEWORK_SEARCH_PATHS = (
					"$(SDKROOT)/Developer/Library/Frameworks",
					"$(inherited)",
				);
				INFOPLIST_FILE = TestCrashReportTests/Info.plist;
				LD_RUNPATH_SEARCH_PATHS = "$(inherited) @executable_path/Frameworks @loader_path/Frameworks";
				PRODUCT_NAME = "$(TARGET_NAME)";
				TEST_HOST = "$(BUILT_PRODUCTS_DIR)/TestCrashReport.app/TestCrashReport";
			};
			name = Release;
		};
/* End XCBuildConfiguration section */

/* Begin XCConfigurationList section */
		8C255D5B1AEA12D6008A6FFC /* Build configuration list for PBXProject "TestCrashReport" */ = {
			isa = XCConfigurationList;
			buildConfigurations = (
				8C255D811AEA12D6008A6FFC /* Debug */,
				8C255D821AEA12D6008A6FFC /* Release */,
			);
			defaultConfigurationIsVisible = 0;
			defaultConfigurationName = Release;
		};
		8C255D831AEA12D6008A6FFC /* Build configuration list for PBXNativeTarget "TestCrashReport" */ = {
			isa = XCConfigurationList;
			buildConfigurations = (
				8C255D841AEA12D6008A6FFC /* Debug */,
				8C255D851AEA12D6008A6FFC /* Release */,
			);
			defaultConfigurationIsVisible = 0;
			defaultConfigurationName = Release;
		};
		8C255D861AEA12D6008A6FFC /* Build configuration list for PBXNativeTarget "TestCrashReportTests" */ = {
			isa = XCConfigurationList;
			buildConfigurations = (
				8C255D871AEA12D6008A6FFC /* Debug */,
				8C255D881AEA12D6008A6FFC /* Release */,
			);
			defaultConfigurationIsVisible = 0;
			defaultConfigurationName = Release;
		};
/* End XCConfigurationList section */
	};
	rootObject = 8C255D581AEA12D6008A6FFC /* Project object */;
}
