// !$*UTF8*$!
{
	archiveVersion = 1;
	classes = {
	};
	objectVersion = 46;
	objects = {

/* Begin PBXBuildFile section */
		70444F6B1BF1EBD300ABBE11 /* main.m in Sources */ = {isa = PBXBuildFile; fileRef = 70444F6A1BF1EBD300ABBE11 /* main.m */; };
		70444F6E1BF1EBD300ABBE11 /* AppDelegate.m in Sources */ = {isa = PBXBuildFile; fileRef = 70444F6D1BF1EBD300ABBE11 /* AppDelegate.m */; };
		70444F711BF1EBD300ABBE11 /* FirstViewController.m in Sources */ = {isa = PBXBuildFile; fileRef = 70444F701BF1EBD300ABBE11 /* FirstViewController.m */; };
		70444F741BF1EBD300ABBE11 /* SecondViewController.m in Sources */ = {isa = PBXBuildFile; fileRef = 70444F731BF1EBD300ABBE11 /* SecondViewController.m */; };
		70444F771BF1EBD300ABBE11 /* Main.storyboard in Resources */ = {isa = PBXBuildFile; fileRef = 70444F751BF1EBD300ABBE11 /* Main.storyboard */; };
		70444F791BF1EBD300ABBE11 /* Assets.xcassets in Resources */ = {isa = PBXBuildFile; fileRef = 70444F781BF1EBD300ABBE11 /* Assets.xcassets */; };
		70444F7C1BF1EBD300ABBE11 /* LaunchScreen.storyboard in Resources */ = {isa = PBXBuildFile; fileRef = 70444F7A1BF1EBD300ABBE11 /* LaunchScreen.storyboard */; };
		70444FB21BF1EC1800ABBE11 /* AVOSCloud.framework in Frameworks */ = {isa = PBXBuildFile; fileRef = 70444F951BF1EBF200ABBE11 /* AVOSCloud.framework */; };
		70444FB91BF1ECD600ABBE11 /* libsqlite3.tbd in Frameworks */ = {isa = PBXBuildFile; fileRef = 70444FB81BF1ECD600ABBE11 /* libsqlite3.tbd */; };
		70444FBB1BF1ECE300ABBE11 /* libz.tbd in Frameworks */ = {isa = PBXBuildFile; fileRef = 70444FBA1BF1ECE300ABBE11 /* libz.tbd */; };
		70444FBD1BF1ECF300ABBE11 /* CoreLocation.framework in Frameworks */ = {isa = PBXBuildFile; fileRef = 70444FBC1BF1ECF300ABBE11 /* CoreLocation.framework */; };
		70444FC11BF1ED2C00ABBE11 /* libicucore.tbd in Frameworks */ = {isa = PBXBuildFile; fileRef = 70444FC01BF1ED2C00ABBE11 /* libicucore.tbd */; };
		70444FC31BF1ED3600ABBE11 /* MobileCoreServices.framework in Frameworks */ = {isa = PBXBuildFile; fileRef = 70444FC21BF1ED3600ABBE11 /* MobileCoreServices.framework */; };
		70444FC51BF1ED4100ABBE11 /* SystemConfiguration.framework in Frameworks */ = {isa = PBXBuildFile; fileRef = 70444FC41BF1ED4100ABBE11 /* SystemConfiguration.framework */; };
		70444FC71BF1ED4C00ABBE11 /* CoreTelephony.framework in Frameworks */ = {isa = PBXBuildFile; fileRef = 70444FC61BF1ED4C00ABBE11 /* CoreTelephony.framework */; };
		70444FCA1BF1ED7900ABBE11 /* BaseViewController.m in Sources */ = {isa = PBXBuildFile; fileRef = 70444FC91BF1ED7900ABBE11 /* BaseViewController.m */; };
/* End PBXBuildFile section */

/* Begin PBXContainerItemProxy section */
		70444F941BF1EBF200ABBE11 /* PBXContainerItemProxy */ = {
			isa = PBXContainerItemProxy;
			containerPortal = 70444F831BF1EBF200ABBE11 /* AVOS.xcodeproj */;
			proxyType = 2;
			remoteGlobalIDString = 8C8419861A5A791300C5C6C4;
			remoteInfo = AVOSCloud;
		};
		70444F961BF1EBF200ABBE11 /* PBXContainerItemProxy */ = {
			isa = PBXContainerItemProxy;
			containerPortal = 70444F831BF1EBF200ABBE11 /* AVOS.xcodeproj */;
			proxyType = 2;
			remoteGlobalIDString = 8C8419911A5A791300C5C6C4;
			remoteInfo = AVOSCloudTests;
		};
		70444F981BF1EBF200ABBE11 /* PBXContainerItemProxy */ = {
			isa = PBXContainerItemProxy;
			containerPortal = 70444F831BF1EBF200ABBE11 /* AVOS.xcodeproj */;
			proxyType = 2;
			remoteGlobalIDString = 8C8419C31A5A796000C5C6C4;
			remoteInfo = AVOSCloudIM;
		};
		70444F9A1BF1EBF200ABBE11 /* PBXContainerItemProxy */ = {
			isa = PBXContainerItemProxy;
			containerPortal = 70444F831BF1EBF200ABBE11 /* AVOS.xcodeproj */;
			proxyType = 2;
			remoteGlobalIDString = 8C8419CD1A5A796000C5C6C4;
			remoteInfo = AVOSCloudIMTests;
		};
		70444F9C1BF1EBF200ABBE11 /* PBXContainerItemProxy */ = {
			isa = PBXContainerItemProxy;
			containerPortal = 70444F831BF1EBF200ABBE11 /* AVOS.xcodeproj */;
			proxyType = 2;
			remoteGlobalIDString = 8C255D261AE9F815008A6FFC;
			remoteInfo = AVOSCloudCrashReporting;
		};
		70444F9E1BF1EBF200ABBE11 /* PBXContainerItemProxy */ = {
			isa = PBXContainerItemProxy;
			containerPortal = 70444F831BF1EBF200ABBE11 /* AVOS.xcodeproj */;
			proxyType = 2;
			remoteGlobalIDString = 7085D3551BEA162300449DC1;
			remoteInfo = AVOSCloudDynamic;
		};
		70444FA01BF1EBF200ABBE11 /* PBXContainerItemProxy */ = {
			isa = PBXContainerItemProxy;
			containerPortal = 70444F831BF1EBF200ABBE11 /* AVOS.xcodeproj */;
			proxyType = 2;
			remoteGlobalIDString = 7085D32E1BEA15B200449DC1;
			remoteInfo = AVOSCloudIMDynamic;
		};
		70444FA21BF1EBF200ABBE11 /* PBXContainerItemProxy */ = {
			isa = PBXContainerItemProxy;
			containerPortal = 70444F831BF1EBF200ABBE11 /* AVOS.xcodeproj */;
			proxyType = 2;
			remoteGlobalIDString = 7085D50C1BEA205700449DC1;
			remoteInfo = "AVOSCloudIMTests-Dynamic";
		};
		70444FA41BF1EBF200ABBE11 /* PBXContainerItemProxy */ = {
			isa = PBXContainerItemProxy;
			containerPortal = 70444F831BF1EBF200ABBE11 /* AVOS.xcodeproj */;
			proxyType = 2;
			remoteGlobalIDString = 7085D33B1BEA15C400449DC1;
			remoteInfo = AVOSCloudCrashReportingDynamic;
		};
		70444FA61BF1EBF200ABBE11 /* PBXContainerItemProxy */ = {
			isa = PBXContainerItemProxy;
			containerPortal = 70444F831BF1EBF200ABBE11 /* AVOS.xcodeproj */;
			proxyType = 2;
			remoteGlobalIDString = 70CA7F681BDE2DC3000A3B21;
			remoteInfo = "AVOSCloud-OSX";
		};
		70444FA81BF1EBF200ABBE11 /* PBXContainerItemProxy */ = {
			isa = PBXContainerItemProxy;
			containerPortal = 70444F831BF1EBF200ABBE11 /* AVOS.xcodeproj */;
			proxyType = 2;
			remoteGlobalIDString = 70F315321BDE503B00D691B3;
			remoteInfo = "AVOSCloudTests-OSX";
		};
		70444FAA1BF1EBF200ABBE11 /* PBXContainerItemProxy */ = {
			isa = PBXContainerItemProxy;
			containerPortal = 70444F831BF1EBF200ABBE11 /* AVOS.xcodeproj */;
			proxyType = 2;
			remoteGlobalIDString = 704F3B6E1BE0D0180033245C;
			remoteInfo = "AVOSCloudIM-OSX";
		};
		70444FAC1BF1EBF200ABBE11 /* PBXContainerItemProxy */ = {
			isa = PBXContainerItemProxy;
			containerPortal = 70444F831BF1EBF200ABBE11 /* AVOS.xcodeproj */;
			proxyType = 2;
			remoteGlobalIDString = 704F3B771BE0D0180033245C;
			remoteInfo = "AVOSCloudIMTests-OSX";
		};
		70444FB01BF1EC0F00ABBE11 /* PBXContainerItemProxy */ = {
			isa = PBXContainerItemProxy;
			containerPortal = 70444F831BF1EBF200ABBE11 /* AVOS.xcodeproj */;
			proxyType = 1;
			remoteGlobalIDString = 8C8419851A5A791300C5C6C4;
			remoteInfo = AVOSCloud;
		};
/* End PBXContainerItemProxy section */

/* Begin PBXFileReference section */
		70444F661BF1EBD300ABBE11 /* AnalyticsTest.app */ = {isa = PBXFileReference; explicitFileType = wrapper.application; includeInIndex = 0; path = AnalyticsTest.app; sourceTree = BUILT_PRODUCTS_DIR; };
		70444F6A1BF1EBD300ABBE11 /* main.m */ = {isa = PBXFileReference; lastKnownFileType = sourcecode.c.objc; path = main.m; sourceTree = "<group>"; };
		70444F6C1BF1EBD300ABBE11 /* AppDelegate.h */ = {isa = PBXFileReference; lastKnownFileType = sourcecode.c.h; path = AppDelegate.h; sourceTree = "<group>"; };
		70444F6D1BF1EBD300ABBE11 /* AppDelegate.m */ = {isa = PBXFileReference; lastKnownFileType = sourcecode.c.objc; lineEnding = 0; path = AppDelegate.m; sourceTree = "<group>"; xcLanguageSpecificationIdentifier = xcode.lang.objc; };
		70444F6F1BF1EBD300ABBE11 /* FirstViewController.h */ = {isa = PBXFileReference; lastKnownFileType = sourcecode.c.h; path = FirstViewController.h; sourceTree = "<group>"; };
		70444F701BF1EBD300ABBE11 /* FirstViewController.m */ = {isa = PBXFileReference; lastKnownFileType = sourcecode.c.objc; path = FirstViewController.m; sourceTree = "<group>"; };
		70444F721BF1EBD300ABBE11 /* SecondViewController.h */ = {isa = PBXFileReference; lastKnownFileType = sourcecode.c.h; path = SecondViewController.h; sourceTree = "<group>"; };
		70444F731BF1EBD300ABBE11 /* SecondViewController.m */ = {isa = PBXFileReference; lastKnownFileType = sourcecode.c.objc; path = SecondViewController.m; sourceTree = "<group>"; };
		70444F761BF1EBD300ABBE11 /* Base */ = {isa = PBXFileReference; lastKnownFileType = file.storyboard; name = Base; path = Base.lproj/Main.storyboard; sourceTree = "<group>"; };
		70444F781BF1EBD300ABBE11 /* Assets.xcassets */ = {isa = PBXFileReference; lastKnownFileType = folder.assetcatalog; path = Assets.xcassets; sourceTree = "<group>"; };
		70444F7B1BF1EBD300ABBE11 /* Base */ = {isa = PBXFileReference; lastKnownFileType = file.storyboard; name = Base; path = Base.lproj/LaunchScreen.storyboard; sourceTree = "<group>"; };
		70444F7D1BF1EBD300ABBE11 /* Info.plist */ = {isa = PBXFileReference; lastKnownFileType = text.plist.xml; path = Info.plist; sourceTree = "<group>"; };
		70444F831BF1EBF200ABBE11 /* AVOS.xcodeproj */ = {isa = PBXFileReference; lastKnownFileType = "wrapper.pb-project"; name = AVOS.xcodeproj; path = ../../AVOS/AVOS.xcodeproj; sourceTree = "<group>"; };
		70444FB81BF1ECD600ABBE11 /* libsqlite3.tbd */ = {isa = PBXFileReference; lastKnownFileType = "sourcecode.text-based-dylib-definition"; name = libsqlite3.tbd; path = usr/lib/libsqlite3.tbd; sourceTree = SDKROOT; };
		70444FBA1BF1ECE300ABBE11 /* libz.tbd */ = {isa = PBXFileReference; lastKnownFileType = "sourcecode.text-based-dylib-definition"; name = libz.tbd; path = usr/lib/libz.tbd; sourceTree = SDKROOT; };
		70444FBC1BF1ECF300ABBE11 /* CoreLocation.framework */ = {isa = PBXFileReference; lastKnownFileType = wrapper.framework; name = CoreLocation.framework; path = System/Library/Frameworks/CoreLocation.framework; sourceTree = SDKROOT; };
		70444FBE1BF1ECFC00ABBE11 /* CFNetwork.framework */ = {isa = PBXFileReference; lastKnownFileType = wrapper.framework; name = CFNetwork.framework; path = System/Library/Frameworks/CFNetwork.framework; sourceTree = SDKROOT; };
		70444FC01BF1ED2C00ABBE11 /* libicucore.tbd */ = {isa = PBXFileReference; lastKnownFileType = "sourcecode.text-based-dylib-definition"; name = libicucore.tbd; path = usr/lib/libicucore.tbd; sourceTree = SDKROOT; };
		70444FC21BF1ED3600ABBE11 /* MobileCoreServices.framework */ = {isa = PBXFileReference; lastKnownFileType = wrapper.framework; name = MobileCoreServices.framework; path = System/Library/Frameworks/MobileCoreServices.framework; sourceTree = SDKROOT; };
		70444FC41BF1ED4100ABBE11 /* SystemConfiguration.framework */ = {isa = PBXFileReference; lastKnownFileType = wrapper.framework; name = SystemConfiguration.framework; path = System/Library/Frameworks/SystemConfiguration.framework; sourceTree = SDKROOT; };
		70444FC61BF1ED4C00ABBE11 /* CoreTelephony.framework */ = {isa = PBXFileReference; lastKnownFileType = wrapper.framework; name = CoreTelephony.framework; path = System/Library/Frameworks/CoreTelephony.framework; sourceTree = SDKROOT; };
		70444FC81BF1ED7900ABBE11 /* BaseViewController.h */ = {isa = PBXFileReference; fileEncoding = 4; lastKnownFileType = sourcecode.c.h; path = BaseViewController.h; sourceTree = "<group>"; };
		70444FC91BF1ED7900ABBE11 /* BaseViewController.m */ = {isa = PBXFileReference; fileEncoding = 4; lastKnownFileType = sourcecode.c.objc; path = BaseViewController.m; sourceTree = "<group>"; };
/* End PBXFileReference section */

/* Begin PBXFrameworksBuildPhase section */
		70444F631BF1EBD300ABBE11 /* Frameworks */ = {
			isa = PBXFrameworksBuildPhase;
			buildActionMask = 2147483647;
			files = (
				70444FC71BF1ED4C00ABBE11 /* CoreTelephony.framework in Frameworks */,
				70444FC51BF1ED4100ABBE11 /* SystemConfiguration.framework in Frameworks */,
				70444FC31BF1ED3600ABBE11 /* MobileCoreServices.framework in Frameworks */,
				70444FC11BF1ED2C00ABBE11 /* libicucore.tbd in Frameworks */,
				70444FBD1BF1ECF300ABBE11 /* CoreLocation.framework in Frameworks */,
				70444FBB1BF1ECE300ABBE11 /* libz.tbd in Frameworks */,
				70444FB91BF1ECD600ABBE11 /* libsqlite3.tbd in Frameworks */,
				70444FB21BF1EC1800ABBE11 /* AVOSCloud.framework in Frameworks */,
			);
			runOnlyForDeploymentPostprocessing = 0;
		};
/* End PBXFrameworksBuildPhase section */

/* Begin PBXGroup section */
		70444F5D1BF1EBD300ABBE11 = {
			isa = PBXGroup;
			children = (
				70444F831BF1EBF200ABBE11 /* AVOS.xcodeproj */,
				70444FB71BF1ECC300ABBE11 /* Frameworks */,
				70444F681BF1EBD300ABBE11 /* AnalyticsTest */,
				70444F671BF1EBD300ABBE11 /* Products */,
			);
			sourceTree = "<group>";
		};
		70444F671BF1EBD300ABBE11 /* Products */ = {
			isa = PBXGroup;
			children = (
				70444F661BF1EBD300ABBE11 /* AnalyticsTest.app */,
			);
			name = Products;
			sourceTree = "<group>";
		};
		70444F681BF1EBD300ABBE11 /* AnalyticsTest */ = {
			isa = PBXGroup;
			children = (
				70444F6C1BF1EBD300ABBE11 /* AppDelegate.h */,
				70444F6D1BF1EBD300ABBE11 /* AppDelegate.m */,
				70444FC81BF1ED7900ABBE11 /* BaseViewController.h */,
				70444FC91BF1ED7900ABBE11 /* BaseViewController.m */,
				70444F6F1BF1EBD300ABBE11 /* FirstViewController.h */,
				70444F701BF1EBD300ABBE11 /* FirstViewController.m */,
				70444F721BF1EBD300ABBE11 /* SecondViewController.h */,
				70444F731BF1EBD300ABBE11 /* SecondViewController.m */,
				70444F751BF1EBD300ABBE11 /* Main.storyboard */,
				70444F781BF1EBD300ABBE11 /* Assets.xcassets */,
				70444F7A1BF1EBD300ABBE11 /* LaunchScreen.storyboard */,
				70444F7D1BF1EBD300ABBE11 /* Info.plist */,
				70444F691BF1EBD300ABBE11 /* Supporting Files */,
			);
			path = AnalyticsTest;
			sourceTree = "<group>";
		};
		70444F691BF1EBD300ABBE11 /* Supporting Files */ = {
			isa = PBXGroup;
			children = (
				70444F6A1BF1EBD300ABBE11 /* main.m */,
			);
			name = "Supporting Files";
			sourceTree = "<group>";
		};
		70444F841BF1EBF200ABBE11 /* Products */ = {
			isa = PBXGroup;
			children = (
				70444F951BF1EBF200ABBE11 /* AVOSCloud.framework */,
				70444F971BF1EBF200ABBE11 /* AVOSCloudTests.xctest */,
				70444F991BF1EBF200ABBE11 /* AVOSCloudIM.framework */,
				70444F9B1BF1EBF200ABBE11 /* AVOSCloudIMTests.xctest */,
				70444F9D1BF1EBF200ABBE11 /* AVOSCloudCrashReporting.framework */,
				70444F9F1BF1EBF200ABBE11 /* AVOSCloud.framework */,
				70444FA11BF1EBF200ABBE11 /* AVOSCloudIM.framework */,
				70444FA31BF1EBF200ABBE11 /* AVOSCloudIMTests-Dynamic.xctest */,
				70444FA51BF1EBF200ABBE11 /* AVOSCloudCrashReporting.framework */,
				70444FA71BF1EBF200ABBE11 /* AVOSCloud.framework */,
				70444FA91BF1EBF200ABBE11 /* AVOSCloudTests-OSX.xctest */,
				70444FAB1BF1EBF200ABBE11 /* AVOSCloudIM.framework */,
				70444FAD1BF1EBF200ABBE11 /* AVOSCloudIMTests-OSX.xctest */,
			);
			name = Products;
			sourceTree = "<group>";
		};
		70444FB71BF1ECC300ABBE11 /* Frameworks */ = {
			isa = PBXGroup;
			children = (
				70444FC61BF1ED4C00ABBE11 /* CoreTelephony.framework */,
				70444FC41BF1ED4100ABBE11 /* SystemConfiguration.framework */,
				70444FC21BF1ED3600ABBE11 /* MobileCoreServices.framework */,
				70444FC01BF1ED2C00ABBE11 /* libicucore.tbd */,
				70444FBE1BF1ECFC00ABBE11 /* CFNetwork.framework */,
				70444FBC1BF1ECF300ABBE11 /* CoreLocation.framework */,
				70444FBA1BF1ECE300ABBE11 /* libz.tbd */,
				70444FB81BF1ECD600ABBE11 /* libsqlite3.tbd */,
			);
			name = Frameworks;
			sourceTree = "<group>";
		};
/* End PBXGroup section */

/* Begin PBXNativeTarget section */
		70444F651BF1EBD300ABBE11 /* AnalyticsTest */ = {
			isa = PBXNativeTarget;
			buildConfigurationList = 70444F801BF1EBD300ABBE11 /* Build configuration list for PBXNativeTarget "AnalyticsTest" */;
			buildPhases = (
				70444F621BF1EBD300ABBE11 /* Sources */,
				70444F631BF1EBD300ABBE11 /* Frameworks */,
				70444F641BF1EBD300ABBE11 /* Resources */,
			);
			buildRules = (
			);
			dependencies = (
				70444FB11BF1EC0F00ABBE11 /* PBXTargetDependency */,
			);
			name = AnalyticsTest;
			productName = AnalyticsTest;
			productReference = 70444F661BF1EBD300ABBE11 /* AnalyticsTest.app */;
			productType = "com.apple.product-type.application";
		};
/* End PBXNativeTarget section */

/* Begin PBXProject section */
		70444F5E1BF1EBD300ABBE11 /* Project object */ = {
			isa = PBXProject;
			attributes = {
				LastUpgradeCheck = 0710;
				ORGANIZATIONNAME = LeanCloud;
				TargetAttributes = {
					70444F651BF1EBD300ABBE11 = {
						CreatedOnToolsVersion = 7.1;
					};
				};
			};
			buildConfigurationList = 70444F611BF1EBD300ABBE11 /* Build configuration list for PBXProject "AnalyticsTest" */;
			compatibilityVersion = "Xcode 3.2";
			developmentRegion = English;
			hasScannedForEncodings = 0;
			knownRegions = (
				en,
				Base,
			);
			mainGroup = 70444F5D1BF1EBD300ABBE11;
			productRefGroup = 70444F671BF1EBD300ABBE11 /* Products */;
			projectDirPath = "";
			projectReferences = (
				{
					ProductGroup = 70444F841BF1EBF200ABBE11 /* Products */;
					ProjectRef = 70444F831BF1EBF200ABBE11 /* AVOS.xcodeproj */;
				},
			);
			projectRoot = "";
			targets = (
				70444F651BF1EBD300ABBE11 /* AnalyticsTest */,
			);
		};
/* End PBXProject section */

/* Begin PBXReferenceProxy section */
		70444F951BF1EBF200ABBE11 /* AVOSCloud.framework */ = {
			isa = PBXReferenceProxy;
			fileType = wrapper.framework;
			path = AVOSCloud.framework;
			remoteRef = 70444F941BF1EBF200ABBE11 /* PBXContainerItemProxy */;
			sourceTree = BUILT_PRODUCTS_DIR;
		};
		70444F971BF1EBF200ABBE11 /* AVOSCloudTests.xctest */ = {
			isa = PBXReferenceProxy;
			fileType = wrapper.cfbundle;
			path = AVOSCloudTests.xctest;
			remoteRef = 70444F961BF1EBF200ABBE11 /* PBXContainerItemProxy */;
			sourceTree = BUILT_PRODUCTS_DIR;
		};
		70444F991BF1EBF200ABBE11 /* AVOSCloudIM.framework */ = {
			isa = PBXReferenceProxy;
			fileType = wrapper.framework;
			path = AVOSCloudIM.framework;
			remoteRef = 70444F981BF1EBF200ABBE11 /* PBXContainerItemProxy */;
			sourceTree = BUILT_PRODUCTS_DIR;
		};
		70444F9B1BF1EBF200ABBE11 /* AVOSCloudIMTests.xctest */ = {
			isa = PBXReferenceProxy;
			fileType = wrapper.cfbundle;
			path = AVOSCloudIMTests.xctest;
			remoteRef = 70444F9A1BF1EBF200ABBE11 /* PBXContainerItemProxy */;
			sourceTree = BUILT_PRODUCTS_DIR;
		};
		70444F9D1BF1EBF200ABBE11 /* AVOSCloudCrashReporting.framework */ = {
			isa = PBXReferenceProxy;
			fileType = wrapper.framework;
			path = AVOSCloudCrashReporting.framework;
			remoteRef = 70444F9C1BF1EBF200ABBE11 /* PBXContainerItemProxy */;
			sourceTree = BUILT_PRODUCTS_DIR;
		};
		70444F9F1BF1EBF200ABBE11 /* AVOSCloud.framework */ = {
			isa = PBXReferenceProxy;
			fileType = wrapper.framework;
			path = AVOSCloud.framework;
			remoteRef = 70444F9E1BF1EBF200ABBE11 /* PBXContainerItemProxy */;
			sourceTree = BUILT_PRODUCTS_DIR;
		};
		70444FA11BF1EBF200ABBE11 /* AVOSCloudIM.framework */ = {
			isa = PBXReferenceProxy;
			fileType = wrapper.framework;
			path = AVOSCloudIM.framework;
			remoteRef = 70444FA01BF1EBF200ABBE11 /* PBXContainerItemProxy */;
			sourceTree = BUILT_PRODUCTS_DIR;
		};
		70444FA31BF1EBF200ABBE11 /* AVOSCloudIMTests-Dynamic.xctest */ = {
			isa = PBXReferenceProxy;
			fileType = wrapper.cfbundle;
			path = "AVOSCloudIMTests-Dynamic.xctest";
			remoteRef = 70444FA21BF1EBF200ABBE11 /* PBXContainerItemProxy */;
			sourceTree = BUILT_PRODUCTS_DIR;
		};
		70444FA51BF1EBF200ABBE11 /* AVOSCloudCrashReporting.framework */ = {
			isa = PBXReferenceProxy;
			fileType = wrapper.framework;
			path = AVOSCloudCrashReporting.framework;
			remoteRef = 70444FA41BF1EBF200ABBE11 /* PBXContainerItemProxy */;
			sourceTree = BUILT_PRODUCTS_DIR;
		};
		70444FA71BF1EBF200ABBE11 /* AVOSCloud.framework */ = {
			isa = PBXReferenceProxy;
			fileType = wrapper.framework;
			path = AVOSCloud.framework;
			remoteRef = 70444FA61BF1EBF200ABBE11 /* PBXContainerItemProxy */;
			sourceTree = BUILT_PRODUCTS_DIR;
		};
		70444FA91BF1EBF200ABBE11 /* AVOSCloudTests-OSX.xctest */ = {
			isa = PBXReferenceProxy;
			fileType = wrapper.cfbundle;
			path = "AVOSCloudTests-OSX.xctest";
			remoteRef = 70444FA81BF1EBF200ABBE11 /* PBXContainerItemProxy */;
			sourceTree = BUILT_PRODUCTS_DIR;
		};
		70444FAB1BF1EBF200ABBE11 /* AVOSCloudIM.framework */ = {
			isa = PBXReferenceProxy;
			fileType = wrapper.framework;
			path = AVOSCloudIM.framework;
			remoteRef = 70444FAA1BF1EBF200ABBE11 /* PBXContainerItemProxy */;
			sourceTree = BUILT_PRODUCTS_DIR;
		};
		70444FAD1BF1EBF200ABBE11 /* AVOSCloudIMTests-OSX.xctest */ = {
			isa = PBXReferenceProxy;
			fileType = wrapper.cfbundle;
			path = "AVOSCloudIMTests-OSX.xctest";
			remoteRef = 70444FAC1BF1EBF200ABBE11 /* PBXContainerItemProxy */;
			sourceTree = BUILT_PRODUCTS_DIR;
		};
/* End PBXReferenceProxy section */

/* Begin PBXResourcesBuildPhase section */
		70444F641BF1EBD300ABBE11 /* Resources */ = {
			isa = PBXResourcesBuildPhase;
			buildActionMask = 2147483647;
			files = (
				70444F7C1BF1EBD300ABBE11 /* LaunchScreen.storyboard in Resources */,
				70444F791BF1EBD300ABBE11 /* Assets.xcassets in Resources */,
				70444F771BF1EBD300ABBE11 /* Main.storyboard in Resources */,
			);
			runOnlyForDeploymentPostprocessing = 0;
		};
/* End PBXResourcesBuildPhase section */

/* Begin PBXSourcesBuildPhase section */
		70444F621BF1EBD300ABBE11 /* Sources */ = {
			isa = PBXSourcesBuildPhase;
			buildActionMask = 2147483647;
			files = (
				70444F741BF1EBD300ABBE11 /* SecondViewController.m in Sources */,
				70444FCA1BF1ED7900ABBE11 /* BaseViewController.m in Sources */,
				70444F6E1BF1EBD300ABBE11 /* AppDelegate.m in Sources */,
				70444F711BF1EBD300ABBE11 /* FirstViewController.m in Sources */,
				70444F6B1BF1EBD300ABBE11 /* main.m in Sources */,
			);
			runOnlyForDeploymentPostprocessing = 0;
		};
/* End PBXSourcesBuildPhase section */

/* Begin PBXTargetDependency section */
		70444FB11BF1EC0F00ABBE11 /* PBXTargetDependency */ = {
			isa = PBXTargetDependency;
			name = AVOSCloud;
			targetProxy = 70444FB01BF1EC0F00ABBE11 /* PBXContainerItemProxy */;
		};
/* End PBXTargetDependency section */

/* Begin PBXVariantGroup section */
		70444F751BF1EBD300ABBE11 /* Main.storyboard */ = {
			isa = PBXVariantGroup;
			children = (
				70444F761BF1EBD300ABBE11 /* Base */,
			);
			name = Main.storyboard;
			sourceTree = "<group>";
		};
		70444F7A1BF1EBD300ABBE11 /* LaunchScreen.storyboard */ = {
			isa = PBXVariantGroup;
			children = (
				70444F7B1BF1EBD300ABBE11 /* Base */,
			);
			name = LaunchScreen.storyboard;
			sourceTree = "<group>";
		};
/* End PBXVariantGroup section */

/* Begin XCBuildConfiguration section */
		70444F7E1BF1EBD300ABBE11 /* Debug */ = {
			isa = XCBuildConfiguration;
			buildSettings = {
				ALWAYS_SEARCH_USER_PATHS = NO;
				CLANG_CXX_LANGUAGE_STANDARD = "gnu++0x";
				CLANG_CXX_LIBRARY = "libc++";
				CLANG_ENABLE_MODULES = YES;
				CLANG_ENABLE_OBJC_ARC = YES;
				CLANG_WARN_BOOL_CONVERSION = YES;
				CLANG_WARN_CONSTANT_CONVERSION = YES;
				CLANG_WARN_DIRECT_OBJC_ISA_USAGE = YES_ERROR;
				CLANG_WARN_EMPTY_BODY = YES;
				CLANG_WARN_ENUM_CONVERSION = YES;
				CLANG_WARN_INT_CONVERSION = YES;
				CLANG_WARN_OBJC_ROOT_CLASS = YES_ERROR;
				CLANG_WARN_UNREACHABLE_CODE = YES;
				CLANG_WARN__DUPLICATE_METHOD_MATCH = YES;
				"CODE_SIGN_IDENTITY[sdk=iphoneos*]" = "iPhone Developer";
				COPY_PHASE_STRIP = NO;
				DEBUG_INFORMATION_FORMAT = dwarf;
				ENABLE_STRICT_OBJC_MSGSEND = YES;
				ENABLE_TESTABILITY = YES;
				GCC_C_LANGUAGE_STANDARD = gnu99;
				GCC_DYNAMIC_NO_PIC = NO;
				GCC_NO_COMMON_BLOCKS = YES;
				GCC_OPTIMIZATION_LEVEL = 0;
				GCC_PREPROCESSOR_DEFINITIONS = (
					"DEBUG=1",
					"$(inherited)",
				);
				GCC_WARN_64_TO_32_BIT_CONVERSION = YES;
				GCC_WARN_ABOUT_RETURN_TYPE = YES_ERROR;
				GCC_WARN_UNDECLARED_SELECTOR = YES;
				GCC_WARN_UNINITIALIZED_AUTOS = YES_AGGRESSIVE;
				GCC_WARN_UNUSED_FUNCTION = YES;
				GCC_WARN_UNUSED_VARIABLE = YES;
				IPHONEOS_DEPLOYMENT_TARGET = 9.1;
				MTL_ENABLE_DEBUG_INFO = YES;
				ONLY_ACTIVE_ARCH = YES;
				SDKROOT = iphoneos;
			};
			name = Debug;
		};
		70444F7F1BF1EBD300ABBE11 /* Release */ = {
			isa = XCBuildConfiguration;
			buildSettings = {
				ALWAYS_SEARCH_USER_PATHS = NO;
				CLANG_CXX_LANGUAGE_STANDARD = "gnu++0x";
				CLANG_CXX_LIBRARY = "libc++";
				CLANG_ENABLE_MODULES = YES;
				CLANG_ENABLE_OBJC_ARC = YES;
				CLANG_WARN_BOOL_CONVERSION = YES;
				CLANG_WARN_CONSTANT_CONVERSION = YES;
				CLANG_WARN_DIRECT_OBJC_ISA_USAGE = YES_ERROR;
				CLANG_WARN_EMPTY_BODY = YES;
				CLANG_WARN_ENUM_CONVERSION = YES;
				CLANG_WARN_INT_CONVERSION = YES;
				CLANG_WARN_OBJC_ROOT_CLASS = YES_ERROR;
				CLANG_WARN_UNREACHABLE_CODE = YES;
				CLANG_WARN__DUPLICATE_METHOD_MATCH = YES;
				"CODE_SIGN_IDENTITY[sdk=iphoneos*]" = "iPhone Developer";
				COPY_PHASE_STRIP = NO;
				DEBUG_INFORMATION_FORMAT = "dwarf-with-dsym";
				ENABLE_NS_ASSERTIONS = NO;
				ENABLE_STRICT_OBJC_MSGSEND = YES;
				GCC_C_LANGUAGE_STANDARD = gnu99;
				GCC_NO_COMMON_BLOCKS = YES;
				GCC_WARN_64_TO_32_BIT_CONVERSION = YES;
				GCC_WARN_ABOUT_RETURN_TYPE = YES_ERROR;
				GCC_WARN_UNDECLARED_SELECTOR = YES;
				GCC_WARN_UNINITIALIZED_AUTOS = YES_AGGRESSIVE;
				GCC_WARN_UNUSED_FUNCTION = YES;
				GCC_WARN_UNUSED_VARIABLE = YES;
				IPHONEOS_DEPLOYMENT_TARGET = 9.1;
				MTL_ENABLE_DEBUG_INFO = NO;
				SDKROOT = iphoneos;
				VALIDATE_PRODUCT = YES;
			};
			name = Release;
		};
		70444F811BF1EBD300ABBE11 /* Debug */ = {
			isa = XCBuildConfiguration;
			buildSettings = {
				ASSETCATALOG_COMPILER_APPICON_NAME = AppIcon;
				INFOPLIST_FILE = AnalyticsTest/Info.plist;
				LD_RUNPATH_SEARCH_PATHS = "$(inherited) @executable_path/Frameworks";
				PRODUCT_BUNDLE_IDENTIFIER = com.leancloud.AnalyticsTest;
				PRODUCT_NAME = "$(TARGET_NAME)";
			};
			name = Debug;
		};
		70444F821BF1EBD300ABBE11 /* Release */ = {
			isa = XCBuildConfiguration;
			buildSettings = {
				ASSETCATALOG_COMPILER_APPICON_NAME = AppIcon;
				INFOPLIST_FILE = AnalyticsTest/Info.plist;
				LD_RUNPATH_SEARCH_PATHS = "$(inherited) @executable_path/Frameworks";
				PRODUCT_BUNDLE_IDENTIFIER = com.leancloud.AnalyticsTest;
				PRODUCT_NAME = "$(TARGET_NAME)";
			};
			name = Release;
		};
/* End XCBuildConfiguration section */

/* Begin XCConfigurationList section */
		70444F611BF1EBD300ABBE11 /* Build configuration list for PBXProject "AnalyticsTest" */ = {
			isa = XCConfigurationList;
			buildConfigurations = (
				70444F7E1BF1EBD300ABBE11 /* Debug */,
				70444F7F1BF1EBD300ABBE11 /* Release */,
			);
			defaultConfigurationIsVisible = 0;
			defaultConfigurationName = Release;
		};
		70444F801BF1EBD300ABBE11 /* Build configuration list for PBXNativeTarget "AnalyticsTest" */ = {
			isa = XCConfigurationList;
			buildConfigurations = (
				70444F811BF1EBD300ABBE11 /* Debug */,
				70444F821BF1EBD300ABBE11 /* Release */,
			);
			defaultConfigurationIsVisible = 0;
			defaultConfigurationName = Release;
		};
/* End XCConfigurationList section */
	};
	rootObject = 70444F5E1BF1EBD300ABBE11 /* Project object */;
}
