// !$*UTF8*$!
{
	archiveVersion = 1;
	classes = {
	};
	objectVersion = 46;
	objects = {

/* Begin PBXBuildFile section */
		8C4ECCB819C9948B0069A485 /* AVOSCloud.framework in Frameworks */ = {isa = PBXBuildFile; fileRef = 8CAF2EC419C9943400D83926 /* AVOSCloud.framework */; };
		8C4ECCB919C9948B0069A485 /* AVOSCloudSNS.framework in Frameworks */ = {isa = PBXBuildFile; fileRef = 8CAF2EC819C9943400D83926 /* AVOSCloudSNS.framework */; };
		8C4ECCBE19C995F80069A485 /* CoreLocation.framework in Frameworks */ = {isa = PBXBuildFile; fileRef = 8C4ECCBA19C995F80069A485 /* CoreLocation.framework */; };
		8C4ECCBF19C995F80069A485 /* CoreTelephony.framework in Frameworks */ = {isa = PBXBuildFile; fileRef = 8C4ECCBB19C995F80069A485 /* CoreTelephony.framework */; };
		8C4ECCC019C995F80069A485 /* MobileCoreServices.framework in Frameworks */ = {isa = PBXBuildFile; fileRef = 8C4ECCBC19C995F80069A485 /* MobileCoreServices.framework */; };
		8C4ECCC119C995F80069A485 /* SystemConfiguration.framework in Frameworks */ = {isa = PBXBuildFile; fileRef = 8C4ECCBD19C995F80069A485 /* SystemConfiguration.framework */; };
		8C4ECCC819C9981D0069A485 /* libicucore.dylib in Frameworks */ = {isa = PBXBuildFile; fileRef = 8C4ECCC719C9981D0069A485 /* libicucore.dylib */; };
		8CAF2E8D19C993E400D83926 /* Foundation.framework in Frameworks */ = {isa = PBXBuildFile; fileRef = 8CAF2E8C19C993E400D83926 /* Foundation.framework */; };
		8CAF2E8F19C993E400D83926 /* CoreGraphics.framework in Frameworks */ = {isa = PBXBuildFile; fileRef = 8CAF2E8E19C993E400D83926 /* CoreGraphics.framework */; };
		8CAF2E9119C993E400D83926 /* UIKit.framework in Frameworks */ = {isa = PBXBuildFile; fileRef = 8CAF2E9019C993E400D83926 /* UIKit.framework */; };
		8CAF2E9719C993E400D83926 /* InfoPlist.strings in Resources */ = {isa = PBXBuildFile; fileRef = 8CAF2E9519C993E400D83926 /* InfoPlist.strings */; };
		8CAF2E9919C993E400D83926 /* main.m in Sources */ = {isa = PBXBuildFile; fileRef = 8CAF2E9819C993E400D83926 /* main.m */; };
		8CAF2E9D19C993E400D83926 /* SNSAppDelegate.m in Sources */ = {isa = PBXBuildFile; fileRef = 8CAF2E9C19C993E400D83926 /* SNSAppDelegate.m */; };
		8CAF2E9F19C993E400D83926 /* Images.xcassets in Resources */ = {isa = PBXBuildFile; fileRef = 8CAF2E9E19C993E400D83926 /* Images.xcassets */; };
		8CAF2EA619C993E400D83926 /* XCTest.framework in Frameworks */ = {isa = PBXBuildFile; fileRef = 8CAF2EA519C993E400D83926 /* XCTest.framework */; };
		8CAF2EA719C993E400D83926 /* Foundation.framework in Frameworks */ = {isa = PBXBuildFile; fileRef = 8CAF2E8C19C993E400D83926 /* Foundation.framework */; };
		8CAF2EA819C993E400D83926 /* UIKit.framework in Frameworks */ = {isa = PBXBuildFile; fileRef = 8CAF2E9019C993E400D83926 /* UIKit.framework */; };
		8CAF2EB019C993E400D83926 /* InfoPlist.strings in Resources */ = {isa = PBXBuildFile; fileRef = 8CAF2EAE19C993E400D83926 /* InfoPlist.strings */; };
		8CAF2EB219C993E400D83926 /* SNSTestTests.m in Sources */ = {isa = PBXBuildFile; fileRef = 8CAF2EB119C993E400D83926 /* SNSTestTests.m */; };
/* End PBXBuildFile section */

/* Begin PBXContainerItemProxy section */
		8CAF2EA919C993E400D83926 /* PBXContainerItemProxy */ = {
			isa = PBXContainerItemProxy;
			containerPortal = 8CAF2E8119C993E400D83926 /* Project object */;
			proxyType = 1;
			remoteGlobalIDString = 8CAF2E8819C993E400D83926;
			remoteInfo = SNSTest;
		};
		8CAF2EC319C9943400D83926 /* PBXContainerItemProxy */ = {
			isa = PBXContainerItemProxy;
			containerPortal = 8CAF2EBB19C9943400D83926 /* AVOS.xcodeproj */;
			proxyType = 2;
			remoteGlobalIDString = 8CCC29FA196E4E3C0098C0FB;
			remoteInfo = AVOSCloud;
		};
		8CAF2EC519C9943400D83926 /* PBXContainerItemProxy */ = {
			isa = PBXContainerItemProxy;
			containerPortal = 8CAF2EBB19C9943400D83926 /* AVOS.xcodeproj */;
			proxyType = 2;
			remoteGlobalIDString = 8CCC2A05196E4E3D0098C0FB;
			remoteInfo = AVOSCloudTests;
		};
		8CAF2EC719C9943400D83926 /* PBXContainerItemProxy */ = {
			isa = PBXContainerItemProxy;
			containerPortal = 8CAF2EBB19C9943400D83926 /* AVOS.xcodeproj */;
			proxyType = 2;
			remoteGlobalIDString = 8CCC2B82196E67190098C0FB;
			remoteInfo = AVOSCloudSNS;
		};
		8CAF2EC919C9943400D83926 /* PBXContainerItemProxy */ = {
			isa = PBXContainerItemProxy;
			containerPortal = 8CAF2EBB19C9943400D83926 /* AVOS.xcodeproj */;
			proxyType = 2;
			remoteGlobalIDString = 8CCC2B8C196E67190098C0FB;
			remoteInfo = AVOSCloudSNSTests;
		};
		8CAF2ECB19C9945E00D83926 /* PBXContainerItemProxy */ = {
			isa = PBXContainerItemProxy;
			containerPortal = 8CAF2EBB19C9943400D83926 /* AVOS.xcodeproj */;
			proxyType = 1;
			remoteGlobalIDString = 8CCC29F9196E4E3C0098C0FB;
			remoteInfo = AVOSCloud;
		};
		8CAF2ECD19C9945E00D83926 /* PBXContainerItemProxy */ = {
			isa = PBXContainerItemProxy;
			containerPortal = 8CAF2EBB19C9943400D83926 /* AVOS.xcodeproj */;
			proxyType = 1;
			remoteGlobalIDString = 8CCC2B81196E67190098C0FB;
			remoteInfo = AVOSCloudSNS;
		};
/* End PBXContainerItemProxy section */

/* Begin PBXFileReference section */
		8C4ECCBA19C995F80069A485 /* CoreLocation.framework */ = {isa = PBXFileReference; lastKnownFileType = wrapper.framework; name = CoreLocation.framework; path = System/Library/Frameworks/CoreLocation.framework; sourceTree = SDKROOT; };
		8C4ECCBB19C995F80069A485 /* CoreTelephony.framework */ = {isa = PBXFileReference; lastKnownFileType = wrapper.framework; name = CoreTelephony.framework; path = System/Library/Frameworks/CoreTelephony.framework; sourceTree = SDKROOT; };
		8C4ECCBC19C995F80069A485 /* MobileCoreServices.framework */ = {isa = PBXFileReference; lastKnownFileType = wrapper.framework; name = MobileCoreServices.framework; path = System/Library/Frameworks/MobileCoreServices.framework; sourceTree = SDKROOT; };
		8C4ECCBD19C995F80069A485 /* SystemConfiguration.framework */ = {isa = PBXFileReference; lastKnownFileType = wrapper.framework; name = SystemConfiguration.framework; path = System/Library/Frameworks/SystemConfiguration.framework; sourceTree = SDKROOT; };
		8C4ECCC719C9981D0069A485 /* libicucore.dylib */ = {isa = PBXFileReference; lastKnownFileType = "compiled.mach-o.dylib"; name = libicucore.dylib; path = usr/lib/libicucore.dylib; sourceTree = SDKROOT; };
		8CAF2E8919C993E400D83926 /* SNSTest.app */ = {isa = PBXFileReference; explicitFileType = wrapper.application; includeInIndex = 0; path = SNSTest.app; sourceTree = BUILT_PRODUCTS_DIR; };
		8CAF2E8C19C993E400D83926 /* Foundation.framework */ = {isa = PBXFileReference; lastKnownFileType = wrapper.framework; name = Foundation.framework; path = System/Library/Frameworks/Foundation.framework; sourceTree = SDKROOT; };
		8CAF2E8E19C993E400D83926 /* CoreGraphics.framework */ = {isa = PBXFileReference; lastKnownFileType = wrapper.framework; name = CoreGraphics.framework; path = System/Library/Frameworks/CoreGraphics.framework; sourceTree = SDKROOT; };
		8CAF2E9019C993E400D83926 /* UIKit.framework */ = {isa = PBXFileReference; lastKnownFileType = wrapper.framework; name = UIKit.framework; path = System/Library/Frameworks/UIKit.framework; sourceTree = SDKROOT; };
		8CAF2E9419C993E400D83926 /* SNSTest-Info.plist */ = {isa = PBXFileReference; lastKnownFileType = text.plist.xml; path = "SNSTest-Info.plist"; sourceTree = "<group>"; };
		8CAF2E9619C993E400D83926 /* en */ = {isa = PBXFileReference; lastKnownFileType = text.plist.strings; name = en; path = en.lproj/InfoPlist.strings; sourceTree = "<group>"; };
		8CAF2E9819C993E400D83926 /* main.m */ = {isa = PBXFileReference; lastKnownFileType = sourcecode.c.objc; path = main.m; sourceTree = "<group>"; };
		8CAF2E9A19C993E400D83926 /* SNSTest-Prefix.pch */ = {isa = PBXFileReference; lastKnownFileType = sourcecode.c.h; path = "SNSTest-Prefix.pch"; sourceTree = "<group>"; };
		8CAF2E9B19C993E400D83926 /* SNSAppDelegate.h */ = {isa = PBXFileReference; lastKnownFileType = sourcecode.c.h; path = SNSAppDelegate.h; sourceTree = "<group>"; };
		8CAF2E9C19C993E400D83926 /* SNSAppDelegate.m */ = {isa = PBXFileReference; lastKnownFileType = sourcecode.c.objc; path = SNSAppDelegate.m; sourceTree = "<group>"; };
		8CAF2E9E19C993E400D83926 /* Images.xcassets */ = {isa = PBXFileReference; lastKnownFileType = folder.assetcatalog; path = Images.xcassets; sourceTree = "<group>"; };
		8CAF2EA419C993E400D83926 /* SNSTestTests.xctest */ = {isa = PBXFileReference; explicitFileType = wrapper.cfbundle; includeInIndex = 0; path = SNSTestTests.xctest; sourceTree = BUILT_PRODUCTS_DIR; };
		8CAF2EA519C993E400D83926 /* XCTest.framework */ = {isa = PBXFileReference; lastKnownFileType = wrapper.framework; name = XCTest.framework; path = Library/Frameworks/XCTest.framework; sourceTree = DEVELOPER_DIR; };
		8CAF2EAD19C993E400D83926 /* SNSTestTests-Info.plist */ = {isa = PBXFileReference; lastKnownFileType = text.plist.xml; path = "SNSTestTests-Info.plist"; sourceTree = "<group>"; };
		8CAF2EAF19C993E400D83926 /* en */ = {isa = PBXFileReference; lastKnownFileType = text.plist.strings; name = en; path = en.lproj/InfoPlist.strings; sourceTree = "<group>"; };
		8CAF2EB119C993E400D83926 /* SNSTestTests.m */ = {isa = PBXFileReference; lastKnownFileType = sourcecode.c.objc; path = SNSTestTests.m; sourceTree = "<group>"; };
		8CAF2EBB19C9943400D83926 /* AVOS.xcodeproj */ = {isa = PBXFileReference; lastKnownFileType = "wrapper.pb-project"; name = AVOS.xcodeproj; path = ../../AVOS/AVOS.xcodeproj; sourceTree = "<group>"; };
/* End PBXFileReference section */

/* Begin PBXFrameworksBuildPhase section */
		8CAF2E8619C993E400D83926 /* Frameworks */ = {
			isa = PBXFrameworksBuildPhase;
			buildActionMask = 2147483647;
			files = (
				8C4ECCC819C9981D0069A485 /* libicucore.dylib in Frameworks */,
				8C4ECCBE19C995F80069A485 /* CoreLocation.framework in Frameworks */,
				8C4ECCBF19C995F80069A485 /* CoreTelephony.framework in Frameworks */,
				8C4ECCC019C995F80069A485 /* MobileCoreServices.framework in Frameworks */,
				8C4ECCC119C995F80069A485 /* SystemConfiguration.framework in Frameworks */,
				8C4ECCB819C9948B0069A485 /* AVOSCloud.framework in Frameworks */,
				8C4ECCB919C9948B0069A485 /* AVOSCloudSNS.framework in Frameworks */,
				8CAF2E8F19C993E400D83926 /* CoreGraphics.framework in Frameworks */,
				8CAF2E9119C993E400D83926 /* UIKit.framework in Frameworks */,
				8CAF2E8D19C993E400D83926 /* Foundation.framework in Frameworks */,
			);
			runOnlyForDeploymentPostprocessing = 0;
		};
		8CAF2EA119C993E400D83926 /* Frameworks */ = {
			isa = PBXFrameworksBuildPhase;
			buildActionMask = 2147483647;
			files = (
				8CAF2EA619C993E400D83926 /* XCTest.framework in Frameworks */,
				8CAF2EA819C993E400D83926 /* UIKit.framework in Frameworks */,
				8CAF2EA719C993E400D83926 /* Foundation.framework in Frameworks */,
			);
			runOnlyForDeploymentPostprocessing = 0;
		};
/* End PBXFrameworksBuildPhase section */

/* Begin PBXGroup section */
		8CAF2E8019C993E400D83926 = {
			isa = PBXGroup;
			children = (
				8CAF2EBB19C9943400D83926 /* AVOS.xcodeproj */,
				8CAF2E9219C993E400D83926 /* SNSTest */,
				8CAF2EAB19C993E400D83926 /* SNSTestTests */,
				8CAF2E8B19C993E400D83926 /* Frameworks */,
				8CAF2E8A19C993E400D83926 /* Products */,
			);
			sourceTree = "<group>";
		};
		8CAF2E8A19C993E400D83926 /* Products */ = {
			isa = PBXGroup;
			children = (
				8CAF2E8919C993E400D83926 /* SNSTest.app */,
				8CAF2EA419C993E400D83926 /* SNSTestTests.xctest */,
			);
			name = Products;
			sourceTree = "<group>";
		};
		8CAF2E8B19C993E400D83926 /* Frameworks */ = {
			isa = PBXGroup;
			children = (
				8C4ECCC719C9981D0069A485 /* libicucore.dylib */,
				8C4ECCBA19C995F80069A485 /* CoreLocation.framework */,
				8C4ECCBB19C995F80069A485 /* CoreTelephony.framework */,
				8C4ECCBC19C995F80069A485 /* MobileCoreServices.framework */,
				8C4ECCBD19C995F80069A485 /* SystemConfiguration.framework */,
				8CAF2E8C19C993E400D83926 /* Foundation.framework */,
				8CAF2E8E19C993E400D83926 /* CoreGraphics.framework */,
				8CAF2E9019C993E400D83926 /* UIKit.framework */,
				8CAF2EA519C993E400D83926 /* XCTest.framework */,
			);
			name = Frameworks;
			sourceTree = "<group>";
		};
		8CAF2E9219C993E400D83926 /* SNSTest */ = {
			isa = PBXGroup;
			children = (
				8CAF2E9B19C993E400D83926 /* SNSAppDelegate.h */,
				8CAF2E9C19C993E400D83926 /* SNSAppDelegate.m */,
				8CAF2E9E19C993E400D83926 /* Images.xcassets */,
				8CAF2E9319C993E400D83926 /* Supporting Files */,
			);
			path = SNSTest;
			sourceTree = "<group>";
		};
		8CAF2E9319C993E400D83926 /* Supporting Files */ = {
			isa = PBXGroup;
			children = (
				8CAF2E9419C993E400D83926 /* SNSTest-Info.plist */,
				8CAF2E9519C993E400D83926 /* InfoPlist.strings */,
				8CAF2E9819C993E400D83926 /* main.m */,
				8CAF2E9A19C993E400D83926 /* SNSTest-Prefix.pch */,
			);
			name = "Supporting Files";
			sourceTree = "<group>";
		};
		8CAF2EAB19C993E400D83926 /* SNSTestTests */ = {
			isa = PBXGroup;
			children = (
				8CAF2EB119C993E400D83926 /* SNSTestTests.m */,
				8CAF2EAC19C993E400D83926 /* Supporting Files */,
			);
			path = SNSTestTests;
			sourceTree = "<group>";
		};
		8CAF2EAC19C993E400D83926 /* Supporting Files */ = {
			isa = PBXGroup;
			children = (
				8CAF2EAD19C993E400D83926 /* SNSTestTests-Info.plist */,
				8CAF2EAE19C993E400D83926 /* InfoPlist.strings */,
			);
			name = "Supporting Files";
			sourceTree = "<group>";
		};
		8CAF2EBC19C9943400D83926 /* Products */ = {
			isa = PBXGroup;
			children = (
				8CAF2EC419C9943400D83926 /* AVOSCloud.framework */,
				8CAF2EC619C9943400D83926 /* AVOSCloudTests.xctest */,
				8CAF2EC819C9943400D83926 /* AVOSCloudSNS.framework */,
				8CAF2ECA19C9943400D83926 /* AVOSCloudSNSTests.xctest */,
			);
			name = Products;
			sourceTree = "<group>";
		};
/* End PBXGroup section */

/* Begin PBXNativeTarget section */
		8CAF2E8819C993E400D83926 /* SNSTest */ = {
			isa = PBXNativeTarget;
			buildConfigurationList = 8CAF2EB519C993E400D83926 /* Build configuration list for PBXNativeTarget "SNSTest" */;
			buildPhases = (
				8CAF2E8519C993E400D83926 /* Sources */,
				8CAF2E8619C993E400D83926 /* Frameworks */,
				8CAF2E8719C993E400D83926 /* Resources */,
			);
			buildRules = (
			);
			dependencies = (
				8CAF2ECC19C9945E00D83926 /* PBXTargetDependency */,
				8CAF2ECE19C9945E00D83926 /* PBXTargetDependency */,
			);
			name = SNSTest;
			productName = SNSTest;
			productReference = 8CAF2E8919C993E400D83926 /* SNSTest.app */;
			productType = "com.apple.product-type.application";
		};
		8CAF2EA319C993E400D83926 /* SNSTestTests */ = {
			isa = PBXNativeTarget;
			buildConfigurationList = 8CAF2EB819C993E400D83926 /* Build configuration list for PBXNativeTarget "SNSTestTests" */;
			buildPhases = (
				8CAF2EA019C993E400D83926 /* Sources */,
				8CAF2EA119C993E400D83926 /* Frameworks */,
				8CAF2EA219C993E400D83926 /* Resources */,
			);
			buildRules = (
			);
			dependencies = (
				8CAF2EAA19C993E400D83926 /* PBXTargetDependency */,
			);
			name = SNSTestTests;
			productName = SNSTestTests;
			productReference = 8CAF2EA419C993E400D83926 /* SNSTestTests.xctest */;
			productType = "com.apple.product-type.bundle.unit-test";
		};
/* End PBXNativeTarget section */

/* Begin PBXProject section */
		8CAF2E8119C993E400D83926 /* Project object */ = {
			isa = PBXProject;
			attributes = {
				CLASSPREFIX = SNS;
				LastUpgradeCheck = 0510;
				ORGANIZATIONNAME = AVOS;
				TargetAttributes = {
					8CAF2EA319C993E400D83926 = {
						TestTargetID = 8CAF2E8819C993E400D83926;
					};
				};
			};
			buildConfigurationList = 8CAF2E8419C993E400D83926 /* Build configuration list for PBXProject "SNSTest" */;
			compatibilityVersion = "Xcode 3.2";
			developmentRegion = English;
			hasScannedForEncodings = 0;
			knownRegions = (
				en,
			);
			mainGroup = 8CAF2E8019C993E400D83926;
			productRefGroup = 8CAF2E8A19C993E400D83926 /* Products */;
			projectDirPath = "";
			projectReferences = (
				{
					ProductGroup = 8CAF2EBC19C9943400D83926 /* Products */;
					ProjectRef = 8CAF2EBB19C9943400D83926 /* AVOS.xcodeproj */;
				},
			);
			projectRoot = "";
			targets = (
				8CAF2E8819C993E400D83926 /* SNSTest */,
				8CAF2EA319C993E400D83926 /* SNSTestTests */,
			);
		};
/* End PBXProject section */

/* Begin PBXReferenceProxy section */
		8CAF2EC419C9943400D83926 /* AVOSCloud.framework */ = {
			isa = PBXReferenceProxy;
			fileType = wrapper.framework;
			path = AVOSCloud.framework;
			remoteRef = 8CAF2EC319C9943400D83926 /* PBXContainerItemProxy */;
			sourceTree = BUILT_PRODUCTS_DIR;
		};
		8CAF2EC619C9943400D83926 /* AVOSCloudTests.xctest */ = {
			isa = PBXReferenceProxy;
			fileType = wrapper.cfbundle;
			path = AVOSCloudTests.xctest;
			remoteRef = 8CAF2EC519C9943400D83926 /* PBXContainerItemProxy */;
			sourceTree = BUILT_PRODUCTS_DIR;
		};
		8CAF2EC819C9943400D83926 /* AVOSCloudSNS.framework */ = {
			isa = PBXReferenceProxy;
			fileType = wrapper.framework;
			path = AVOSCloudSNS.framework;
			remoteRef = 8CAF2EC719C9943400D83926 /* PBXContainerItemProxy */;
			sourceTree = BUILT_PRODUCTS_DIR;
		};
		8CAF2ECA19C9943400D83926 /* AVOSCloudSNSTests.xctest */ = {
			isa = PBXReferenceProxy;
			fileType = wrapper.cfbundle;
			path = AVOSCloudSNSTests.xctest;
			remoteRef = 8CAF2EC919C9943400D83926 /* PBXContainerItemProxy */;
			sourceTree = BUILT_PRODUCTS_DIR;
		};
/* End PBXReferenceProxy section */

/* Begin PBXResourcesBuildPhase section */
		8CAF2E8719C993E400D83926 /* Resources */ = {
			isa = PBXResourcesBuildPhase;
			buildActionMask = 2147483647;
			files = (
				8CAF2E9719C993E400D83926 /* InfoPlist.strings in Resources */,
				8CAF2E9F19C993E400D83926 /* Images.xcassets in Resources */,
			);
			runOnlyForDeploymentPostprocessing = 0;
		};
		8CAF2EA219C993E400D83926 /* Resources */ = {
			isa = PBXResourcesBuildPhase;
			buildActionMask = 2147483647;
			files = (
				8CAF2EB019C993E400D83926 /* InfoPlist.strings in Resources */,
			);
			runOnlyForDeploymentPostprocessing = 0;
		};
/* End PBXResourcesBuildPhase section */

/* Begin PBXSourcesBuildPhase section */
		8CAF2E8519C993E400D83926 /* Sources */ = {
			isa = PBXSourcesBuildPhase;
			buildActionMask = 2147483647;
			files = (
				8CAF2E9919C993E400D83926 /* main.m in Sources */,
				8CAF2E9D19C993E400D83926 /* SNSAppDelegate.m in Sources */,
			);
			runOnlyForDeploymentPostprocessing = 0;
		};
		8CAF2EA019C993E400D83926 /* Sources */ = {
			isa = PBXSourcesBuildPhase;
			buildActionMask = 2147483647;
			files = (
				8CAF2EB219C993E400D83926 /* SNSTestTests.m in Sources */,
			);
			runOnlyForDeploymentPostprocessing = 0;
		};
/* End PBXSourcesBuildPhase section */

/* Begin PBXTargetDependency section */
		8CAF2EAA19C993E400D83926 /* PBXTargetDependency */ = {
			isa = PBXTargetDependency;
			target = 8CAF2E8819C993E400D83926 /* SNSTest */;
			targetProxy = 8CAF2EA919C993E400D83926 /* PBXContainerItemProxy */;
		};
		8CAF2ECC19C9945E00D83926 /* PBXTargetDependency */ = {
			isa = PBXTargetDependency;
			name = AVOSCloud;
			targetProxy = 8CAF2ECB19C9945E00D83926 /* PBXContainerItemProxy */;
		};
		8CAF2ECE19C9945E00D83926 /* PBXTargetDependency */ = {
			isa = PBXTargetDependency;
			name = AVOSCloudSNS;
			targetProxy = 8CAF2ECD19C9945E00D83926 /* PBXContainerItemProxy */;
		};
/* End PBXTargetDependency section */

/* Begin PBXVariantGroup section */
		8CAF2E9519C993E400D83926 /* InfoPlist.strings */ = {
			isa = PBXVariantGroup;
			children = (
				8CAF2E9619C993E400D83926 /* en */,
			);
			name = InfoPlist.strings;
			sourceTree = "<group>";
		};
		8CAF2EAE19C993E400D83926 /* InfoPlist.strings */ = {
			isa = PBXVariantGroup;
			children = (
				8CAF2EAF19C993E400D83926 /* en */,
			);
			name = InfoPlist.strings;
			sourceTree = "<group>";
		};
/* End PBXVariantGroup section */

/* Begin XCBuildConfiguration section */
		8CAF2EB319C993E400D83926 /* Debug */ = {
			isa = XCBuildConfiguration;
			buildSettings = {
				ALWAYS_SEARCH_USER_PATHS = NO;
				CLANG_CXX_LANGUAGE_STANDARD = "gnu++0x";
				CLANG_CXX_LIBRARY = "libc++";
				CLANG_ENABLE_MODULES = YES;
				CLANG_ENABLE_OBJC_ARC = YES;
				CLANG_WARN_BOOL_CONVERSION = YES;
				CLANG_WARN_CONSTANT_CONVERSION = YES;
				CLANG_WARN_DIRECT_OBJC_ISA_USAGE = YES_ERROR;
				CLANG_WARN_EMPTY_BODY = YES;
				CLANG_WARN_ENUM_CONVERSION = YES;
				CLANG_WARN_INT_CONVERSION = YES;
				CLANG_WARN_OBJC_ROOT_CLASS = YES_ERROR;
				CLANG_WARN__DUPLICATE_METHOD_MATCH = YES;
				"CODE_SIGN_IDENTITY[sdk=iphoneos*]" = "iPhone Developer";
				COPY_PHASE_STRIP = NO;
				GCC_C_LANGUAGE_STANDARD = gnu99;
				GCC_DYNAMIC_NO_PIC = NO;
				GCC_GENERATE_TEST_COVERAGE_FILES = YES;
				GCC_INSTRUMENT_PROGRAM_FLOW_ARCS = YES;
				GCC_OPTIMIZATION_LEVEL = 0;
				GCC_PREPROCESSOR_DEFINITIONS = (
					"DEBUG=1",
					"$(inherited)",
				);
				GCC_SYMBOLS_PRIVATE_EXTERN = NO;
				GCC_WARN_64_TO_32_BIT_CONVERSION = YES;
				GCC_WARN_ABOUT_RETURN_TYPE = YES_ERROR;
				GCC_WARN_UNDECLARED_SELECTOR = YES;
				GCC_WARN_UNINITIALIZED_AUTOS = YES_AGGRESSIVE;
				GCC_WARN_UNUSED_FUNCTION = YES;
				GCC_WARN_UNUSED_VARIABLE = YES;
				IPHONEOS_DEPLOYMENT_TARGET = 6.0;
				ONLY_ACTIVE_ARCH = YES;
				SDKROOT = iphoneos;
			};
			name = Debug;
		};
		8CAF2EB419C993E400D83926 /* Release */ = {
			isa = XCBuildConfiguration;
			buildSettings = {
				ALWAYS_SEARCH_USER_PATHS = NO;
				CLANG_CXX_LANGUAGE_STANDARD = "gnu++0x";
				CLANG_CXX_LIBRARY = "libc++";
				CLANG_ENABLE_MODULES = YES;
				CLANG_ENABLE_OBJC_ARC = YES;
				CLANG_WARN_BOOL_CONVERSION = YES;
				CLANG_WARN_CONSTANT_CONVERSION = YES;
				CLANG_WARN_DIRECT_OBJC_ISA_USAGE = YES_ERROR;
				CLANG_WARN_EMPTY_BODY = YES;
				CLANG_WARN_ENUM_CONVERSION = YES;
				CLANG_WARN_INT_CONVERSION = YES;
				CLANG_WARN_OBJC_ROOT_CLASS = YES_ERROR;
				CLANG_WARN__DUPLICATE_METHOD_MATCH = YES;
				"CODE_SIGN_IDENTITY[sdk=iphoneos*]" = "iPhone Developer";
				COPY_PHASE_STRIP = YES;
				ENABLE_NS_ASSERTIONS = NO;
				GCC_C_LANGUAGE_STANDARD = gnu99;
				GCC_WARN_64_TO_32_BIT_CONVERSION = YES;
				GCC_WARN_ABOUT_RETURN_TYPE = YES_ERROR;
				GCC_WARN_UNDECLARED_SELECTOR = YES;
				GCC_WARN_UNINITIALIZED_AUTOS = YES_AGGRESSIVE;
				GCC_WARN_UNUSED_FUNCTION = YES;
				GCC_WARN_UNUSED_VARIABLE = YES;
				IPHONEOS_DEPLOYMENT_TARGET = 6.0;
				SDKROOT = iphoneos;
				VALIDATE_PRODUCT = YES;
			};
			name = Release;
		};
		8CAF2EB619C993E400D83926 /* Debug */ = {
			isa = XCBuildConfiguration;
			buildSettings = {
				ASSETCATALOG_COMPILER_APPICON_NAME = AppIcon;
				ASSETCATALOG_COMPILER_LAUNCHIMAGE_NAME = LaunchImage;
				GCC_PRECOMPILE_PREFIX_HEADER = YES;
				GCC_PREFIX_HEADER = "SNSTest/SNSTest-Prefix.pch";
				INFOPLIST_FILE = "SNSTest/SNSTest-Info.plist";
				OTHER_LDFLAGS = "-all_load";
				PRODUCT_NAME = "$(TARGET_NAME)";
				WRAPPER_EXTENSION = app;
			};
			name = Debug;
		};
		8CAF2EB719C993E400D83926 /* Release */ = {
			isa = XCBuildConfiguration;
			buildSettings = {
				ASSETCATALOG_COMPILER_APPICON_NAME = AppIcon;
				ASSETCATALOG_COMPILER_LAUNCHIMAGE_NAME = LaunchImage;
				GCC_PRECOMPILE_PREFIX_HEADER = YES;
				GCC_PREFIX_HEADER = "SNSTest/SNSTest-Prefix.pch";
				INFOPLIST_FILE = "SNSTest/SNSTest-Info.plist";
				OTHER_LDFLAGS = "-all_load";
				PRODUCT_NAME = "$(TARGET_NAME)";
				WRAPPER_EXTENSION = app;
			};
			name = Release;
		};
		8CAF2EB919C993E400D83926 /* Debug */ = {
			isa = XCBuildConfiguration;
			buildSettings = {
				BUNDLE_LOADER = "$(BUILT_PRODUCTS_DIR)/SNSTest.app/SNSTest";
				FRAMEWORK_SEARCH_PATHS = (
					"$(SDKROOT)/Developer/Library/Frameworks",
					"$(inherited)",
					"$(DEVELOPER_FRAMEWORKS_DIR)",
				);
				GCC_PRECOMPILE_PREFIX_HEADER = YES;
				GCC_PREFIX_HEADER = "SNSTest/SNSTest-Prefix.pch";
				GCC_PREPROCESSOR_DEFINITIONS = (
					"DEBUG=1",
					"$(inherited)",
				);
				INFOPLIST_FILE = "SNSTestTests/SNSTestTests-Info.plist";
				PRODUCT_NAME = "$(TARGET_NAME)";
				TEST_HOST = "$(BUNDLE_LOADER)";
				WRAPPER_EXTENSION = xctest;
			};
			name = Debug;
		};
		8CAF2EBA19C993E400D83926 /* Release */ = {
			isa = XCBuildConfiguration;
			buildSettings = {
				BUNDLE_LOADER = "$(BUILT_PRODUCTS_DIR)/SNSTest.app/SNSTest";
				FRAMEWORK_SEARCH_PATHS = (
					"$(SDKROOT)/Developer/Library/Frameworks",
					"$(inherited)",
					"$(DEVELOPER_FRAMEWORKS_DIR)",
				);
				GCC_PRECOMPILE_PREFIX_HEADER = YES;
				GCC_PREFIX_HEADER = "SNSTest/SNSTest-Prefix.pch";
				INFOPLIST_FILE = "SNSTestTests/SNSTestTests-Info.plist";
				PRODUCT_NAME = "$(TARGET_NAME)";
				TEST_HOST = "$(BUNDLE_LOADER)";
				WRAPPER_EXTENSION = xctest;
			};
			name = Release;
		};
/* End XCBuildConfiguration section */

/* Begin XCConfigurationList section */
		8CAF2E8419C993E400D83926 /* Build configuration list for PBXProject "SNSTest" */ = {
			isa = XCConfigurationList;
			buildConfigurations = (
				8CAF2EB319C993E400D83926 /* Debug */,
				8CAF2EB419C993E400D83926 /* Release */,
			);
			defaultConfigurationIsVisible = 0;
			defaultConfigurationName = Release;
		};
		8CAF2EB519C993E400D83926 /* Build configuration list for PBXNativeTarget "SNSTest" */ = {
			isa = XCConfigurationList;
			buildConfigurations = (
				8CAF2EB619C993E400D83926 /* Debug */,
				8CAF2EB719C993E400D83926 /* Release */,
			);
			defaultConfigurationIsVisible = 0;
			defaultConfigurationName = Release;
		};
		8CAF2EB819C993E400D83926 /* Build configuration list for PBXNativeTarget "SNSTestTests" */ = {
			isa = XCConfigurationList;
			buildConfigurations = (
				8CAF2EB919C993E400D83926 /* Debug */,
				8CAF2EBA19C993E400D83926 /* Release */,
			);
			defaultConfigurationIsVisible = 0;
			defaultConfigurationName = Release;
		};
/* End XCConfigurationList section */
	};
	rootObject = 8CAF2E8119C993E400D83926 /* Project object */;
}
